// !$*UTF8*$!
{
	archiveVersion = 1;
	classes = {
	};
	objectVersion = 48;
	objects = {

/* Begin PBXBuildFile section */
		743A2081203C1B12008DF1AA /* AppDelegate.swift in Sources */ = {isa = PBXBuildFile; fileRef = 743A2080203C1B12008DF1AA /* AppDelegate.swift */; };
		743A2083203C1B12008DF1AA /* ViewController.swift in Sources */ = {isa = PBXBuildFile; fileRef = 743A2082203C1B12008DF1AA /* ViewController.swift */; };
		743A2086203C1B12008DF1AA /* Main.storyboard in Resources */ = {isa = PBXBuildFile; fileRef = 743A2084203C1B12008DF1AA /* Main.storyboard */; };
		743A2088203C1B12008DF1AA /* Assets.xcassets in Resources */ = {isa = PBXBuildFile; fileRef = 743A2087203C1B12008DF1AA /* Assets.xcassets */; };
		743A208B203C1B12008DF1AA /* LaunchScreen.storyboard in Resources */ = {isa = PBXBuildFile; fileRef = 743A2089203C1B12008DF1AA /* LaunchScreen.storyboard */; };
		743A2096203C1B12008DF1AA /* Complex_JSONTests.swift in Sources */ = {isa = PBXBuildFile; fileRef = 743A2095203C1B12008DF1AA /* Complex_JSONTests.swift */; };
		743A20A1203C1B12008DF1AA /* Complex_JSONUITests.swift in Sources */ = {isa = PBXBuildFile; fileRef = 743A20A0203C1B12008DF1AA /* Complex_JSONUITests.swift */; };
/* End PBXBuildFile section */

/* Begin PBXContainerItemProxy section */
		743A2092203C1B12008DF1AA /* PBXContainerItemProxy */ = {
			isa = PBXContainerItemProxy;
			containerPortal = 743A2075203C1B12008DF1AA /* Project object */;
			proxyType = 1;
			remoteGlobalIDString = 743A207C203C1B12008DF1AA;
			remoteInfo = "Complex JSON";
		};
		743A209D203C1B12008DF1AA /* PBXContainerItemProxy */ = {
			isa = PBXContainerItemProxy;
			containerPortal = 743A2075203C1B12008DF1AA /* Project object */;
			proxyType = 1;
			remoteGlobalIDString = 743A207C203C1B12008DF1AA;
			remoteInfo = "Complex JSON";
		};
/* End PBXContainerItemProxy section */

/* Begin PBXFileReference section */
		743A207D203C1B12008DF1AA /* Complex JSON.app */ = {isa = PBXFileReference; explicitFileType = wrapper.application; includeInIndex = 0; path = "Complex JSON.app"; sourceTree = BUILT_PRODUCTS_DIR; };
		743A2080203C1B12008DF1AA /* AppDelegate.swift */ = {isa = PBXFileReference; lastKnownFileType = sourcecode.swift; path = AppDelegate.swift; sourceTree = "<group>"; };
		743A2082203C1B12008DF1AA /* ViewController.swift */ = {isa = PBXFileReference; lastKnownFileType = sourcecode.swift; path = ViewController.swift; sourceTree = "<group>"; };
		743A2085203C1B12008DF1AA /* Base */ = {isa = PBXFileReference; lastKnownFileType = file.storyboard; name = Base; path = Base.lproj/Main.storyboard; sourceTree = "<group>"; };
		743A2087203C1B12008DF1AA /* Assets.xcassets */ = {isa = PBXFileReference; lastKnownFileType = folder.assetcatalog; path = Assets.xcassets; sourceTree = "<group>"; };
		743A208A203C1B12008DF1AA /* Base */ = {isa = PBXFileReference; lastKnownFileType = file.storyboard; name = Base; path = Base.lproj/LaunchScreen.storyboard; sourceTree = "<group>"; };
		743A208C203C1B12008DF1AA /* Info.plist */ = {isa = PBXFileReference; lastKnownFileType = text.plist.xml; path = Info.plist; sourceTree = "<group>"; };
		743A2091203C1B12008DF1AA /* Complex JSONTests.xctest */ = {isa = PBXFileReference; explicitFileType = wrapper.cfbundle; includeInIndex = 0; path = "Complex JSONTests.xctest"; sourceTree = BUILT_PRODUCTS_DIR; };
		743A2095203C1B12008DF1AA /* Complex_JSONTests.swift */ = {isa = PBXFileReference; lastKnownFileType = sourcecode.swift; path = Complex_JSONTests.swift; sourceTree = "<group>"; };
		743A2097203C1B12008DF1AA /* Info.plist */ = {isa = PBXFileReference; lastKnownFileType = text.plist.xml; path = Info.plist; sourceTree = "<group>"; };
		743A209C203C1B12008DF1AA /* Complex JSONUITests.xctest */ = {isa = PBXFileReference; explicitFileType = wrapper.cfbundle; includeInIndex = 0; path = "Complex JSONUITests.xctest"; sourceTree = BUILT_PRODUCTS_DIR; };
		743A20A0203C1B12008DF1AA /* Complex_JSONUITests.swift */ = {isa = PBXFileReference; lastKnownFileType = sourcecode.swift; path = Complex_JSONUITests.swift; sourceTree = "<group>"; };
		743A20A2203C1B12008DF1AA /* Info.plist */ = {isa = PBXFileReference; lastKnownFileType = text.plist.xml; path = Info.plist; sourceTree = "<group>"; };
/* End PBXFileReference section */

/* Begin PBXFrameworksBuildPhase section */
		743A207A203C1B12008DF1AA /* Frameworks */ = {
			isa = PBXFrameworksBuildPhase;
			buildActionMask = 2147483647;
			files = (
			);
			runOnlyForDeploymentPostprocessing = 0;
		};
		743A208E203C1B12008DF1AA /* Frameworks */ = {
			isa = PBXFrameworksBuildPhase;
			buildActionMask = 2147483647;
			files = (
			);
			runOnlyForDeploymentPostprocessing = 0;
		};
		743A2099203C1B12008DF1AA /* Frameworks */ = {
			isa = PBXFrameworksBuildPhase;
			buildActionMask = 2147483647;
			files = (
			);
			runOnlyForDeploymentPostprocessing = 0;
		};
/* End PBXFrameworksBuildPhase section */

/* Begin PBXGroup section */
		743A2074203C1B12008DF1AA = {
			isa = PBXGroup;
			children = (
				743A207F203C1B12008DF1AA /* Complex JSON */,
				743A2094203C1B12008DF1AA /* Complex JSONTests */,
				743A209F203C1B12008DF1AA /* Complex JSONUITests */,
				743A207E203C1B12008DF1AA /* Products */,
			);
			sourceTree = "<group>";
		};
		743A207E203C1B12008DF1AA /* Products */ = {
			isa = PBXGroup;
			children = (
				743A207D203C1B12008DF1AA /* Complex JSON.app */,
				743A2091203C1B12008DF1AA /* Complex JSONTests.xctest */,
				743A209C203C1B12008DF1AA /* Complex JSONUITests.xctest */,
			);
			name = Products;
			sourceTree = "<group>";
		};
		743A207F203C1B12008DF1AA /* Complex JSON */ = {
			isa = PBXGroup;
			children = (
				743A2080203C1B12008DF1AA /* AppDelegate.swift */,
				743A2082203C1B12008DF1AA /* ViewController.swift */,
				743A2084203C1B12008DF1AA /* Main.storyboard */,
				743A2087203C1B12008DF1AA /* Assets.xcassets */,
				743A2089203C1B12008DF1AA /* LaunchScreen.storyboard */,
				743A208C203C1B12008DF1AA /* Info.plist */,
			);
			path = "Complex JSON";
			sourceTree = "<group>";
		};
		743A2094203C1B12008DF1AA /* Complex JSONTests */ = {
			isa = PBXGroup;
			children = (
				743A2095203C1B12008DF1AA /* Complex_JSONTests.swift */,
				743A2097203C1B12008DF1AA /* Info.plist */,
			);
			path = "Complex JSONTests";
			sourceTree = "<group>";
		};
		743A209F203C1B12008DF1AA /* Complex JSONUITests */ = {
			isa = PBXGroup;
			children = (
				743A20A0203C1B12008DF1AA /* Complex_JSONUITests.swift */,
				743A20A2203C1B12008DF1AA /* Info.plist */,
			);
			path = "Complex JSONUITests";
			sourceTree = "<group>";
		};
/* End PBXGroup section */

/* Begin PBXNativeTarget section */
		743A207C203C1B12008DF1AA /* Complex JSON */ = {
			isa = PBXNativeTarget;
			buildConfigurationList = 743A20A5203C1B12008DF1AA /* Build configuration list for PBXNativeTarget "Complex JSON" */;
			buildPhases = (
				743A2079203C1B12008DF1AA /* Sources */,
				743A207A203C1B12008DF1AA /* Frameworks */,
				743A207B203C1B12008DF1AA /* Resources */,
			);
			buildRules = (
			);
			dependencies = (
			);
			name = "Complex JSON";
			productName = "Complex JSON";
			productReference = 743A207D203C1B12008DF1AA /* Complex JSON.app */;
			productType = "com.apple.product-type.application";
		};
		743A2090203C1B12008DF1AA /* Complex JSONTests */ = {
			isa = PBXNativeTarget;
			buildConfigurationList = 743A20A8203C1B12008DF1AA /* Build configuration list for PBXNativeTarget "Complex JSONTests" */;
			buildPhases = (
				743A208D203C1B12008DF1AA /* Sources */,
				743A208E203C1B12008DF1AA /* Frameworks */,
				743A208F203C1B12008DF1AA /* Resources */,
			);
			buildRules = (
			);
			dependencies = (
				743A2093203C1B12008DF1AA /* PBXTargetDependency */,
			);
			name = "Complex JSONTests";
			productName = "Complex JSONTests";
			productReference = 743A2091203C1B12008DF1AA /* Complex JSONTests.xctest */;
			productType = "com.apple.product-type.bundle.unit-test";
		};
		743A209B203C1B12008DF1AA /* Complex JSONUITests */ = {
			isa = PBXNativeTarget;
			buildConfigurationList = 743A20AB203C1B12008DF1AA /* Build configuration list for PBXNativeTarget "Complex JSONUITests" */;
			buildPhases = (
				743A2098203C1B12008DF1AA /* Sources */,
				743A2099203C1B12008DF1AA /* Frameworks */,
				743A209A203C1B12008DF1AA /* Resources */,
			);
			buildRules = (
			);
			dependencies = (
				743A209E203C1B12008DF1AA /* PBXTargetDependency */,
			);
			name = "Complex JSONUITests";
			productName = "Complex JSONUITests";
			productReference = 743A209C203C1B12008DF1AA /* Complex JSONUITests.xctest */;
			productType = "com.apple.product-type.bundle.ui-testing";
		};
/* End PBXNativeTarget section */

/* Begin PBXProject section */
		743A2075203C1B12008DF1AA /* Project object */ = {
			isa = PBXProject;
			attributes = {
				LastSwiftUpdateCheck = 0920;
				LastUpgradeCheck = 0920;
				ORGANIZATIONNAME = snapmac;
				TargetAttributes = {
					743A207C203C1B12008DF1AA = {
						CreatedOnToolsVersion = 9.2;
						ProvisioningStyle = Automatic;
					};
					743A2090203C1B12008DF1AA = {
						CreatedOnToolsVersion = 9.2;
						ProvisioningStyle = Automatic;
						TestTargetID = 743A207C203C1B12008DF1AA;
					};
					743A209B203C1B12008DF1AA = {
						CreatedOnToolsVersion = 9.2;
						ProvisioningStyle = Automatic;
						TestTargetID = 743A207C203C1B12008DF1AA;
					};
				};
			};
			buildConfigurationList = 743A2078203C1B12008DF1AA /* Build configuration list for PBXProject "Complex JSON" */;
			compatibilityVersion = "Xcode 8.0";
			developmentRegion = en;
			hasScannedForEncodings = 0;
			knownRegions = (
				en,
				Base,
			);
			mainGroup = 743A2074203C1B12008DF1AA;
			productRefGroup = 743A207E203C1B12008DF1AA /* Products */;
			projectDirPath = "";
			projectRoot = "";
			targets = (
				743A207C203C1B12008DF1AA /* Complex JSON */,
				743A2090203C1B12008DF1AA /* Complex JSONTests */,
				743A209B203C1B12008DF1AA /* Complex JSONUITests */,
			);
		};
/* End PBXProject section */

/* Begin PBXResourcesBuildPhase section */
		743A207B203C1B12008DF1AA /* Resources */ = {
			isa = PBXResourcesBuildPhase;
			buildActionMask = 2147483647;
			files = (
				743A208B203C1B12008DF1AA /* LaunchScreen.storyboard in Resources */,
				743A2088203C1B12008DF1AA /* Assets.xcassets in Resources */,
				743A2086203C1B12008DF1AA /* Main.storyboard in Resources */,
			);
			runOnlyForDeploymentPostprocessing = 0;
		};
		743A208F203C1B12008DF1AA /* Resources */ = {
			isa = PBXResourcesBuildPhase;
			buildActionMask = 2147483647;
			files = (
			);
			runOnlyForDeploymentPostprocessing = 0;
		};
		743A209A203C1B12008DF1AA /* Resources */ = {
			isa = PBXResourcesBuildPhase;
			buildActionMask = 2147483647;
			files = (
			);
			runOnlyForDeploymentPostprocessing = 0;
		};
/* End PBXResourcesBuildPhase section */

/* Begin PBXSourcesBuildPhase section */
		743A2079203C1B12008DF1AA /* Sources */ = {
			isa = PBXSourcesBuildPhase;
			buildActionMask = 2147483647;
			files = (
				743A2083203C1B12008DF1AA /* ViewController.swift in Sources */,
				743A2081203C1B12008DF1AA /* AppDelegate.swift in Sources */,
			);
			runOnlyForDeploymentPostprocessing = 0;
		};
		743A208D203C1B12008DF1AA /* Sources */ = {
			isa = PBXSourcesBuildPhase;
			buildActionMask = 2147483647;
			files = (
				743A2096203C1B12008DF1AA /* Complex_JSONTests.swift in Sources */,
			);
			runOnlyForDeploymentPostprocessing = 0;
		};
		743A2098203C1B12008DF1AA /* Sources */ = {
			isa = PBXSourcesBuildPhase;
			buildActionMask = 2147483647;
			files = (
				743A20A1203C1B12008DF1AA /* Complex_JSONUITests.swift in Sources */,
			);
			runOnlyForDeploymentPostprocessing = 0;
		};
/* End PBXSourcesBuildPhase section */

/* Begin PBXTargetDependency section */
		743A2093203C1B12008DF1AA /* PBXTargetDependency */ = {
			isa = PBXTargetDependency;
			target = 743A207C203C1B12008DF1AA /* Complex JSON */;
			targetProxy = 743A2092203C1B12008DF1AA /* PBXContainerItemProxy */;
		};
		743A209E203C1B12008DF1AA /* PBXTargetDependency */ = {
			isa = PBXTargetDependency;
			target = 743A207C203C1B12008DF1AA /* Complex JSON */;
			targetProxy = 743A209D203C1B12008DF1AA /* PBXContainerItemProxy */;
		};
/* End PBXTargetDependency section */

/* Begin PBXVariantGroup section */
		743A2084203C1B12008DF1AA /* Main.storyboard */ = {
			isa = PBXVariantGroup;
			children = (
				743A2085203C1B12008DF1AA /* Base */,
			);
			name = Main.storyboard;
			sourceTree = "<group>";
		};
		743A2089203C1B12008DF1AA /* LaunchScreen.storyboard */ = {
			isa = PBXVariantGroup;
			children = (
				743A208A203C1B12008DF1AA /* Base */,
			);
			name = LaunchScreen.storyboard;
			sourceTree = "<group>";
		};
/* End PBXVariantGroup section */

/* Begin XCBuildConfiguration section */
		743A20A3203C1B12008DF1AA /* Debug */ = {
			isa = XCBuildConfiguration;
			buildSettings = {
				ALWAYS_SEARCH_USER_PATHS = NO;
				CLANG_ANALYZER_NONNULL = YES;
				CLANG_ANALYZER_NUMBER_OBJECT_CONVERSION = YES_AGGRESSIVE;
				CLANG_CXX_LANGUAGE_STANDARD = "gnu++14";
				CLANG_CXX_LIBRARY = "libc++";
				CLANG_ENABLE_MODULES = YES;
				CLANG_ENABLE_OBJC_ARC = YES;
				CLANG_WARN_BLOCK_CAPTURE_AUTORELEASING = YES;
				CLANG_WARN_BOOL_CONVERSION = YES;
				CLANG_WARN_COMMA = YES;
				CLANG_WARN_CONSTANT_CONVERSION = YES;
				CLANG_WARN_DIRECT_OBJC_ISA_USAGE = YES_ERROR;
				CLANG_WARN_DOCUMENTATION_COMMENTS = YES;
				CLANG_WARN_EMPTY_BODY = YES;
				CLANG_WARN_ENUM_CONVERSION = YES;
				CLANG_WARN_INFINITE_RECURSION = YES;
				CLANG_WARN_INT_CONVERSION = YES;
				CLANG_WARN_NON_LITERAL_NULL_CONVERSION = YES;
				CLANG_WARN_OBJC_LITERAL_CONVERSION = YES;
				CLANG_WARN_OBJC_ROOT_CLASS = YES_ERROR;
				CLANG_WARN_RANGE_LOOP_ANALYSIS = YES;
				CLANG_WARN_STRICT_PROTOTYPES = YES;
				CLANG_WARN_SUSPICIOUS_MOVE = YES;
				CLANG_WARN_UNGUARDED_AVAILABILITY = YES_AGGRESSIVE;
				CLANG_WARN_UNREACHABLE_CODE = YES;
				CLANG_WARN__DUPLICATE_METHOD_MATCH = YES;
				CODE_SIGN_IDENTITY = "iPhone Developer";
				COPY_PHASE_STRIP = NO;
				DEBUG_INFORMATION_FORMAT = dwarf;
				ENABLE_STRICT_OBJC_MSGSEND = YES;
				ENABLE_TESTABILITY = YES;
				GCC_C_LANGUAGE_STANDARD = gnu11;
				GCC_DYNAMIC_NO_PIC = NO;
				GCC_NO_COMMON_BLOCKS = YES;
				GCC_OPTIMIZATION_LEVEL = 0;
				GCC_PREPROCESSOR_DEFINITIONS = (
					"DEBUG=1",
					"$(inherited)",
				);
				GCC_WARN_64_TO_32_BIT_CONVERSION = YES;
				GCC_WARN_ABOUT_RETURN_TYPE = YES_ERROR;
				GCC_WARN_UNDECLARED_SELECTOR = YES;
				GCC_WARN_UNINITIALIZED_AUTOS = YES_AGGRESSIVE;
				GCC_WARN_UNUSED_FUNCTION = YES;
				GCC_WARN_UNUSED_VARIABLE = YES;
				IPHONEOS_DEPLOYMENT_TARGET = 11.2;
				MTL_ENABLE_DEBUG_INFO = YES;
				ONLY_ACTIVE_ARCH = YES;
				SDKROOT = iphoneos;
				SWIFT_ACTIVE_COMPILATION_CONDITIONS = DEBUG;
				SWIFT_OPTIMIZATION_LEVEL = "-Onone";
			};
			name = Debug;
		};
		743A20A4203C1B12008DF1AA /* Release */ = {
			isa = XCBuildConfiguration;
			buildSettings = {
				ALWAYS_SEARCH_USER_PATHS = NO;
				CLANG_ANALYZER_NONNULL = YES;
				CLANG_ANALYZER_NUMBER_OBJECT_CONVERSION = YES_AGGRESSIVE;
				CLANG_CXX_LANGUAGE_STANDARD = "gnu++14";
				CLANG_CXX_LIBRARY = "libc++";
				CLANG_ENABLE_MODULES = YES;
				CLANG_ENABLE_OBJC_ARC = YES;
				CLANG_WARN_BLOCK_CAPTURE_AUTORELEASING = YES;
				CLANG_WARN_BOOL_CONVERSION = YES;
				CLANG_WARN_COMMA = YES;
				CLANG_WARN_CONSTANT_CONVERSION = YES;
				CLANG_WARN_DIRECT_OBJC_ISA_USAGE = YES_ERROR;
				CLANG_WARN_DOCUMENTATION_COMMENTS = YES;
				CLANG_WARN_EMPTY_BODY = YES;
				CLANG_WARN_ENUM_CONVERSION = YES;
				CLANG_WARN_INFINITE_RECURSION = YES;
				CLANG_WARN_INT_CONVERSION = YES;
				CLANG_WARN_NON_LITERAL_NULL_CONVERSION = YES;
				CLANG_WARN_OBJC_LITERAL_CONVERSION = YES;
				CLANG_WARN_OBJC_ROOT_CLASS = YES_ERROR;
				CLANG_WARN_RANGE_LOOP_ANALYSIS = YES;
				CLANG_WARN_STRICT_PROTOTYPES = YES;
				CLANG_WARN_SUSPICIOUS_MOVE = YES;
				CLANG_WARN_UNGUARDED_AVAILABILITY = YES_AGGRESSIVE;
				CLANG_WARN_UNREACHABLE_CODE = YES;
				CLANG_WARN__DUPLICATE_METHOD_MATCH = YES;
				CODE_SIGN_IDENTITY = "iPhone Developer";
				COPY_PHASE_STRIP = NO;
				DEBUG_INFORMATION_FORMAT = "dwarf-with-dsym";
				ENABLE_NS_ASSERTIONS = NO;
				ENABLE_STRICT_OBJC_MSGSEND = YES;
				GCC_C_LANGUAGE_STANDARD = gnu11;
				GCC_NO_COMMON_BLOCKS = YES;
				GCC_WARN_64_TO_32_BIT_CONVERSION = YES;
				GCC_WARN_ABOUT_RETURN_TYPE = YES_ERROR;
				GCC_WARN_UNDECLARED_SELECTOR = YES;
				GCC_WARN_UNINITIALIZED_AUTOS = YES_AGGRESSIVE;
				GCC_WARN_UNUSED_FUNCTION = YES;
				GCC_WARN_UNUSED_VARIABLE = YES;
				IPHONEOS_DEPLOYMENT_TARGET = 11.2;
				MTL_ENABLE_DEBUG_INFO = NO;
				SDKROOT = iphoneos;
				SWIFT_OPTIMIZATION_LEVEL = "-Owholemodule";
				VALIDATE_PRODUCT = YES;
			};
			name = Release;
		};
		743A20A6203C1B12008DF1AA /* Debug */ = {
			isa = XCBuildConfiguration;
			buildSettings = {
				ASSETCATALOG_COMPILER_APPICON_NAME = AppIcon;
				CODE_SIGN_STYLE = Automatic;
				INFOPLIST_FILE = "Complex JSON/Info.plist";
				LD_RUNPATH_SEARCH_PATHS = "$(inherited) @executable_path/Frameworks";
				PRODUCT_BUNDLE_IDENTIFIER = "snapgroup.Complex-JSON";
				PRODUCT_NAME = "$(TARGET_NAME)";
				SWIFT_VERSION = 4.0;
				TARGETED_DEVICE_FAMILY = "1,2";
			};
			name = Debug;
		};
		743A20A7203C1B12008DF1AA /* Release */ = {
			isa = XCBuildConfiguration;
			buildSettings = {
				ASSETCATALOG_COMPILER_APPICON_NAME = AppIcon;
				CODE_SIGN_STYLE = Automatic;
				INFOPLIST_FILE = "Complex JSON/Info.plist";
				LD_RUNPATH_SEARCH_PATHS = "$(inherited) @executable_path/Frameworks";
				PRODUCT_BUNDLE_IDENTIFIER = "snapgroup.Complex-JSON";
				PRODUCT_NAME = "$(TARGET_NAME)";
				SWIFT_VERSION = 4.0;
				TARGETED_DEVICE_FAMILY = "1,2";
			};
			name = Release;
		};
		743A20A9203C1B12008DF1AA /* Debug */ = {
			isa = XCBuildConfiguration;
			buildSettings = {
				ALWAYS_EMBED_SWIFT_STANDARD_LIBRARIES = YES;
				BUNDLE_LOADER = "$(TEST_HOST)";
				CODE_SIGN_STYLE = Automatic;
				INFOPLIST_FILE = "Complex JSONTests/Info.plist";
				LD_RUNPATH_SEARCH_PATHS = "$(inherited) @executable_path/Frameworks @loader_path/Frameworks";
				PRODUCT_BUNDLE_IDENTIFIER = "snapgroup.Complex-JSONTests";
				PRODUCT_NAME = "$(TARGET_NAME)";
				SWIFT_VERSION = 4.0;
				TARGETED_DEVICE_FAMILY = "1,2";
				TEST_HOST = "$(BUILT_PRODUCTS_DIR)/Complex JSON.app/Complex JSON";
			};
			name = Debug;
		};
		743A20AA203C1B12008DF1AA /* Release */ = {
			isa = XCBuildConfiguration;
			buildSettings = {
				ALWAYS_EMBED_SWIFT_STANDARD_LIBRARIES = YES;
				BUNDLE_LOADER = "$(TEST_HOST)";
				CODE_SIGN_STYLE = Automatic;
				INFOPLIST_FILE = "Complex JSONTests/Info.plist";
				LD_RUNPATH_SEARCH_PATHS = "$(inherited) @executable_path/Frameworks @loader_path/Frameworks";
				PRODUCT_BUNDLE_IDENTIFIER = "snapgroup.Complex-JSONTests";
				PRODUCT_NAME = "$(TARGET_NAME)";
				SWIFT_VERSION = 4.0;
				TARGETED_DEVICE_FAMILY = "1,2";
				TEST_HOST = "$(BUILT_PRODUCTS_DIR)/Complex JSON.app/Complex JSON";
			};
			name = Release;
		};
		743A20AC203C1B12008DF1AA /* Debug */ = {
			isa = XCBuildConfiguration;
			buildSettings = {
				ALWAYS_EMBED_SWIFT_STANDARD_LIBRARIES = YES;
				CODE_SIGN_STYLE = Automatic;
				INFOPLIST_FILE = "Complex JSONUITests/Info.plist";
				LD_RUNPATH_SEARCH_PATHS = "$(inherited) @executable_path/Frameworks @loader_path/Frameworks";
				PRODUCT_BUNDLE_IDENTIFIER = "snapgroup.Complex-JSONUITests";
				PRODUCT_NAME = "$(TARGET_NAME)";
				SWIFT_VERSION = 4.0;
				TARGETED_DEVICE_FAMILY = "1,2";
				TEST_TARGET_NAME = "Complex JSON";
			};
			name = Debug;
		};
		743A20AD203C1B12008DF1AA /* Release */ = {
			isa = XCBuildConfiguration;
			buildSettings = {
				ALWAYS_EMBED_SWIFT_STANDARD_LIBRARIES = YES;
				CODE_SIGN_STYLE = Automatic;
				INFOPLIST_FILE = "Complex JSONUITests/Info.plist";
				LD_RUNPATH_SEARCH_PATHS = "$(inherited) @executable_path/Frameworks @loader_path/Frameworks";
				PRODUCT_BUNDLE_IDENTIFIER = "snapgroup.Complex-JSONUITests";
				PRODUCT_NAME = "$(TARGET_NAME)";
				SWIFT_VERSION = 4.0;
				TARGETED_DEVICE_FAMILY = "1,2";
				TEST_TARGET_NAME = "Complex JSON";
			};
			name = Release;
		};
/* End XCBuildConfiguration section */

/* Begin XCConfigurationList section */
		743A2078203C1B12008DF1AA /* Build configuration list for PBXProject "Complex JSON" */ = {
			isa = XCConfigurationList;
			buildConfigurations = (
				743A20A3203C1B12008DF1AA /* Debug */,
				743A20A4203C1B12008DF1AA /* Release */,
			);
			defaultConfigurationIsVisible = 0;
			defaultConfigurationName = Release;
		};
		743A20A5203C1B12008DF1AA /* Build configuration list for PBXNativeTarget "Complex JSON" */ = {
			isa = XCConfigurationList;
			buildConfigurations = (
				743A20A6203C1B12008DF1AA /* Debug */,
				743A20A7203C1B12008DF1AA /* Release */,
			);
			defaultConfigurationIsVisible = 0;
			defaultConfigurationName = Release;
		};
		743A20A8203C1B12008DF1AA /* Build configuration list for PBXNativeTarget "Complex JSONTests" */ = {
			isa = XCConfigurationList;
			buildConfigurations = (
				743A20A9203C1B12008DF1AA /* Debug */,
				743A20AA203C1B12008DF1AA /* Release */,
			);
			defaultConfigurationIsVisible = 0;
			defaultConfigurationName = Release;
		};
		743A20AB203C1B12008DF1AA /* Build configuration list for PBXNativeTarget "Complex JSONUITests" */ = {
			isa = XCConfigurationList;
			buildConfigurations = (
				743A20AC203C1B12008DF1AA /* Debug */,
				743A20AD203C1B12008DF1AA /* Release */,
			);
			defaultConfigurationIsVisible = 0;
			defaultConfigurationName = Release;
		};
/* End XCConfigurationList section */
	};
	rootObject = 743A2075203C1B12008DF1AA /* Project object */;
}
