// !$*UTF8*$!
{
	archiveVersion = 1;
	classes = {
	};
	objectVersion = 48;
	objects = {

/* Begin PBXBuildFile section */
		3224F4A14D6F26AAD4E072C0 /* Pods_Snapgroup.framework in Frameworks */ = {isa = PBXBuildFile; fileRef = D4F2DA88D0C7A1EAE5A7D431 /* Pods_Snapgroup.framework */; };
		7404F38220569F220017762F /* ItemViewController.swift in Sources */ = {isa = PBXBuildFile; fileRef = 7404F38120569F220017762F /* ItemViewController.swift */; };
		74138E0220440E9D00F37028 /* MenuViewController.swift in Sources */ = {isa = PBXBuildFile; fileRef = 74138E0120440E9D00F37028 /* MenuViewController.swift */; };
		74138E042044207700F37028 /* ChatViewController.swift in Sources */ = {isa = PBXBuildFile; fileRef = 74138E032044207700F37028 /* ChatViewController.swift */; };
		74138E07204442FD00F37028 /* ChatCustomCellController.swift in Sources */ = {isa = PBXBuildFile; fileRef = 74138E06204442FD00F37028 /* ChatCustomCellController.swift */; };
		741D2A102042B40C00DB8975 /* DetailsViewController.swift in Sources */ = {isa = PBXBuildFile; fileRef = 741D2A0F2042B40C00DB8975 /* DetailsViewController.swift */; };
		742375082046DC0300B9A0C0 /* ApiRequests.swift in Sources */ = {isa = PBXBuildFile; fileRef = 742375072046DC0300B9A0C0 /* ApiRequests.swift */; };
		7423757F20499FB600B9A0C0 /* PrivateChatViewController.swift in Sources */ = {isa = PBXBuildFile; fileRef = 7423757E20499FB600B9A0C0 /* PrivateChatViewController.swift */; };
		74237583204BE0E100B9A0C0 /* PrivateChatMessageCelVc.swift in Sources */ = {isa = PBXBuildFile; fileRef = 74237582204BE0E100B9A0C0 /* PrivateChatMessageCelVc.swift */; };
		7428551F204FF16300637511 /* TestTabVc.swift in Sources */ = {isa = PBXBuildFile; fileRef = 7428551E204FF16300637511 /* TestTabVc.swift */; };
		743A2081203C1B12008DF1AA /* AppDelegate.swift in Sources */ = {isa = PBXBuildFile; fileRef = 743A2080203C1B12008DF1AA /* AppDelegate.swift */; };
		743A2083203C1B12008DF1AA /* ViewController.swift in Sources */ = {isa = PBXBuildFile; fileRef = 743A2082203C1B12008DF1AA /* ViewController.swift */; };
		743A2086203C1B12008DF1AA /* Main.storyboard in Resources */ = {isa = PBXBuildFile; fileRef = 743A2084203C1B12008DF1AA /* Main.storyboard */; };
		743A2088203C1B12008DF1AA /* Assets.xcassets in Resources */ = {isa = PBXBuildFile; fileRef = 743A2087203C1B12008DF1AA /* Assets.xcassets */; };
		743A208B203C1B12008DF1AA /* LaunchScreen.storyboard in Resources */ = {isa = PBXBuildFile; fileRef = 743A2089203C1B12008DF1AA /* LaunchScreen.storyboard */; };
		743A2096203C1B12008DF1AA /* Complex_JSONTests.swift in Sources */ = {isa = PBXBuildFile; fileRef = 743A2095203C1B12008DF1AA /* Complex_JSONTests.swift */; };
		743A20A1203C1B12008DF1AA /* Complex_JSONUITests.swift in Sources */ = {isa = PBXBuildFile; fileRef = 743A20A0203C1B12008DF1AA /* Complex_JSONUITests.swift */; };
		743A20BE203C3A97008DF1AA /* GroupRequest.swift in Sources */ = {isa = PBXBuildFile; fileRef = 743A20BD203C3A97008DF1AA /* GroupRequest.swift */; };
		743A2102203C6468008DF1AA /* GroupViewController.swift in Sources */ = {isa = PBXBuildFile; fileRef = 743A2101203C6468008DF1AA /* GroupViewController.swift */; };
		7443303F2063EC7400D4073F /* JoinViewController.swift in Sources */ = {isa = PBXBuildFile; fileRef = 7443303E2063EC7400D4073F /* JoinViewController.swift */; };
		74490C19205298D6007AD4FA /* CustomMarkerView.swift in Sources */ = {isa = PBXBuildFile; fileRef = 74490C18205298D6007AD4FA /* CustomMarkerView.swift */; };
		74490C1B20529E22007AD4FA /* MapViewController.swift in Sources */ = {isa = PBXBuildFile; fileRef = 74490C1A20529E22007AD4FA /* MapViewController.swift */; };
		74490C1D2052B8F0007AD4FA /* KeyboardViewController.swift in Sources */ = {isa = PBXBuildFile; fileRef = 74490C1C2052B8F0007AD4FA /* KeyboardViewController.swift */; };
		746E9F382077B9CB009B3258 /* MemberInboxViewController.swift in Sources */ = {isa = PBXBuildFile; fileRef = 746E9F372077B9CB009B3258 /* MemberInboxViewController.swift */; };
		746E9F3A2077BA88009B3258 /* NotificationCell.swift in Sources */ = {isa = PBXBuildFile; fileRef = 746E9F392077BA88009B3258 /* NotificationCell.swift */; };
		74730C4F205666680091D657 /* ItineraryViewController.swift in Sources */ = {isa = PBXBuildFile; fileRef = 74730C4E205666680091D657 /* ItineraryViewController.swift */; };
		74773B77205EBE7D0059338B /* Section.swift in Sources */ = {isa = PBXBuildFile; fileRef = 74773B76205EBE7D0059338B /* Section.swift */; };
		74773B79205EBFA50059338B /* ExpandableHeaderView.swift in Sources */ = {isa = PBXBuildFile; fileRef = 74773B78205EBFA50059338B /* ExpandableHeaderView.swift */; };
		749058FE203D605F00C6B8C1 /* CustomTableViewCell.swift in Sources */ = {isa = PBXBuildFile; fileRef = 749058FD203D605F00C6B8C1 /* CustomTableViewCell.swift */; };
		74905901203D853200C6B8C1 /* DesignableView.swift in Sources */ = {isa = PBXBuildFile; fileRef = 74905900203D853200C6B8C1 /* DesignableView.swift */; };
		74905903203D89E000C6B8C1 /* SignUpVC.swift in Sources */ = {isa = PBXBuildFile; fileRef = 74905902203D89E000C6B8C1 /* SignUpVC.swift */; };
		74905905203DB5DA00C6B8C1 /* MainTabController.swift in Sources */ = {isa = PBXBuildFile; fileRef = 74905904203DB5DA00C6B8C1 /* MainTabController.swift */; };
		74905909203DB9DC00C6B8C1 /* HomeViewController.swift in Sources */ = {isa = PBXBuildFile; fileRef = 74905908203DB9DC00C6B8C1 /* HomeViewController.swift */; };
		74A5A4392085D2DB00A97052 /* CheckListItemCell.swift in Sources */ = {isa = PBXBuildFile; fileRef = 74A5A4382085D2DB00A97052 /* CheckListItemCell.swift */; };
		74A5A43B2085D31A00A97052 /* checkListCustomCellController.swift in Sources */ = {isa = PBXBuildFile; fileRef = 74A5A43A2085D31A00A97052 /* checkListCustomCellController.swift */; };
		74A5A43E2085D64900A97052 /* GroupLeaderViewController.swift in Sources */ = {isa = PBXBuildFile; fileRef = 74A5A43D2085D64900A97052 /* GroupLeaderViewController.swift */; };
		74B3CDF0205538F700440EB0 /* Colors.swift in Sources */ = {isa = PBXBuildFile; fileRef = 74B3CDEF205538F700440EB0 /* Colors.swift */; };
		74B3CDF32055692B00440EB0 /* ServicesViewController.swift in Sources */ = {isa = PBXBuildFile; fileRef = 74B3CDF22055692B00440EB0 /* ServicesViewController.swift */; };
		74B9BCFB205CF82D005A0C60 /* CheckListViewController.swift in Sources */ = {isa = PBXBuildFile; fileRef = 74B9BCFA205CF82D005A0C60 /* CheckListViewController.swift */; };
		74F1FF20208B2E3D00976958 /* GoogleService-Info.plist in Resources */ = {isa = PBXBuildFile; fileRef = 74F1FF1F208B2E3C00976958 /* GoogleService-Info.plist */; };
		74F7AAA120580D1F00E66DF8 /* ScrollTestViewController.swift in Sources */ = {isa = PBXBuildFile; fileRef = 74F7AAA020580D1F00E66DF8 /* ScrollTestViewController.swift */; };
		74F7AAA320595D6B00E66DF8 /* ItineraryServiceViewControllerCell.swift in Sources */ = {isa = PBXBuildFile; fileRef = 74F7AAA220595D6B00E66DF8 /* ItineraryServiceViewControllerCell.swift */; };
		74F7AAA5205A976400E66DF8 /* GroupMapViewController.swift in Sources */ = {isa = PBXBuildFile; fileRef = 74F7AAA4205A976400E66DF8 /* GroupMapViewController.swift */; };
		74F7AAE2205BE6AA00E66DF8 /* DocsViewController.swift in Sources */ = {isa = PBXBuildFile; fileRef = 74F7AAE1205BE6AA00E66DF8 /* DocsViewController.swift */; };
		74FBD106205009FD002D223A /* MembersViewController.swift in Sources */ = {isa = PBXBuildFile; fileRef = 74FBD105205009FD002D223A /* MembersViewController.swift */; };
		74FBD10A20514220002D223A /* MemberCollectionCell.swift in Sources */ = {isa = PBXBuildFile; fileRef = 74FBD10920514220002D223A /* MemberCollectionCell.swift */; };
		74FBD10C20518542002D223A /* MemberModalViewController.swift in Sources */ = {isa = PBXBuildFile; fileRef = 74FBD10B20518542002D223A /* MemberModalViewController.swift */; };
		74FBD10E20528D2D002D223A /* Models.swift in Sources */ = {isa = PBXBuildFile; fileRef = 74FBD10D20528D2D002D223A /* Models.swift */; };
/* End PBXBuildFile section */

/* Begin PBXContainerItemProxy section */
		743A2092203C1B12008DF1AA /* PBXContainerItemProxy */ = {
			isa = PBXContainerItemProxy;
			containerPortal = 743A2075203C1B12008DF1AA /* Project object */;
			proxyType = 1;
			remoteGlobalIDString = 743A207C203C1B12008DF1AA;
			remoteInfo = "Complex JSON";
		};
		743A209D203C1B12008DF1AA /* PBXContainerItemProxy */ = {
			isa = PBXContainerItemProxy;
			containerPortal = 743A2075203C1B12008DF1AA /* Project object */;
			proxyType = 1;
			remoteGlobalIDString = 743A207C203C1B12008DF1AA;
			remoteInfo = "Complex JSON";
		};
/* End PBXContainerItemProxy section */

/* Begin PBXFileReference section */
		177A3BAF819CF79D7CB80D53 /* Pods-Snapgroup.release.xcconfig */ = {isa = PBXFileReference; includeInIndex = 1; lastKnownFileType = text.xcconfig; name = "Pods-Snapgroup.release.xcconfig"; path = "Pods/Target Support Files/Pods-Snapgroup/Pods-Snapgroup.release.xcconfig"; sourceTree = "<group>"; };
		22C8D6AA62C7371008E12410 /* Pods-Snapgroup.debug.xcconfig */ = {isa = PBXFileReference; includeInIndex = 1; lastKnownFileType = text.xcconfig; name = "Pods-Snapgroup.debug.xcconfig"; path = "Pods/Target Support Files/Pods-Snapgroup/Pods-Snapgroup.debug.xcconfig"; sourceTree = "<group>"; };
		4CF86BF3C56B0D575EA7CC1C /* Pods-Complex JSON.debug.xcconfig */ = {isa = PBXFileReference; includeInIndex = 1; lastKnownFileType = text.xcconfig; name = "Pods-Complex JSON.debug.xcconfig"; path = "Pods/Target Support Files/Pods-Complex JSON/Pods-Complex JSON.debug.xcconfig"; sourceTree = "<group>"; };
		7404F38120569F220017762F /* ItemViewController.swift */ = {isa = PBXFileReference; lastKnownFileType = sourcecode.swift; path = ItemViewController.swift; sourceTree = "<group>"; };
		74138E0120440E9D00F37028 /* MenuViewController.swift */ = {isa = PBXFileReference; lastKnownFileType = sourcecode.swift; path = MenuViewController.swift; sourceTree = "<group>"; };
		74138E032044207700F37028 /* ChatViewController.swift */ = {isa = PBXFileReference; lastKnownFileType = sourcecode.swift; path = ChatViewController.swift; sourceTree = "<group>"; };
		74138E06204442FD00F37028 /* ChatCustomCellController.swift */ = {isa = PBXFileReference; lastKnownFileType = sourcecode.swift; path = ChatCustomCellController.swift; sourceTree = "<group>"; };
		7418AFBA203EB3C1007BBC3D /* UIImage+AspectFit.swift */ = {isa = PBXFileReference; lastKnownFileType = sourcecode.swift; path = "UIImage+AspectFit.swift"; sourceTree = "<group>"; };
		7418AFBB203EB3C1007BBC3D /* UIImageView+Tools.swift */ = {isa = PBXFileReference; lastKnownFileType = sourcecode.swift; path = "UIImageView+Tools.swift"; sourceTree = "<group>"; };
		7418AFBC203EB3C1007BBC3D /* ImageSlideshowItem.swift */ = {isa = PBXFileReference; lastKnownFileType = sourcecode.swift; path = ImageSlideshowItem.swift; sourceTree = "<group>"; };
		7418AFBD203EB3C1007BBC3D /* ActivityIndicator.swift */ = {isa = PBXFileReference; lastKnownFileType = sourcecode.swift; path = ActivityIndicator.swift; sourceTree = "<group>"; };
		7418AFBE203EB3C1007BBC3D /* ImageSlideshow.swift */ = {isa = PBXFileReference; lastKnownFileType = sourcecode.swift; path = ImageSlideshow.swift; sourceTree = "<group>"; };
		7418AFBF203EB3C1007BBC3D /* FullScreenSlideshowViewController.swift */ = {isa = PBXFileReference; lastKnownFileType = sourcecode.swift; path = FullScreenSlideshowViewController.swift; sourceTree = "<group>"; };
		7418AFC0203EB3C1007BBC3D /* InputSource.swift */ = {isa = PBXFileReference; lastKnownFileType = sourcecode.swift; path = InputSource.swift; sourceTree = "<group>"; };
		7418AFC1203EB3C1007BBC3D /* ZoomAnimatedTransitioning.swift */ = {isa = PBXFileReference; lastKnownFileType = sourcecode.swift; path = ZoomAnimatedTransitioning.swift; sourceTree = "<group>"; };
		7418AFC2203EB3C1007BBC3D /* .gitkeep */ = {isa = PBXFileReference; lastKnownFileType = text; path = .gitkeep; sourceTree = "<group>"; };
		7418AFC4203EB3C1007BBC3D /* KingfisherSource.swift */ = {isa = PBXFileReference; lastKnownFileType = sourcecode.swift; path = KingfisherSource.swift; sourceTree = "<group>"; };
		7418AFC5203EB3C1007BBC3D /* ParseSource.swift */ = {isa = PBXFileReference; lastKnownFileType = sourcecode.swift; path = ParseSource.swift; sourceTree = "<group>"; };
		7418AFC6203EB3C1007BBC3D /* SDWebImageSource.swift */ = {isa = PBXFileReference; lastKnownFileType = sourcecode.swift; path = SDWebImageSource.swift; sourceTree = "<group>"; };
		7418AFC7203EB3C1007BBC3D /* AFURLSource.swift */ = {isa = PBXFileReference; lastKnownFileType = sourcecode.swift; path = AFURLSource.swift; sourceTree = "<group>"; };
		7418AFC8203EB3C1007BBC3D /* AlamofireSource.swift */ = {isa = PBXFileReference; lastKnownFileType = sourcecode.swift; path = AlamofireSource.swift; sourceTree = "<group>"; };
		7418AFCA203EB3C1007BBC3D /* ic_cross_white@3x.png */ = {isa = PBXFileReference; lastKnownFileType = image.png; path = "ic_cross_white@3x.png"; sourceTree = "<group>"; };
		7418AFCB203EB3C1007BBC3D /* .gitkeep */ = {isa = PBXFileReference; lastKnownFileType = text; path = .gitkeep; sourceTree = "<group>"; };
		7418AFCC203EB3C1007BBC3D /* ic_cross_white@2x.png */ = {isa = PBXFileReference; lastKnownFileType = image.png; path = "ic_cross_white@2x.png"; sourceTree = "<group>"; };
		741D2A0F2042B40C00DB8975 /* DetailsViewController.swift */ = {isa = PBXFileReference; lastKnownFileType = sourcecode.swift; path = DetailsViewController.swift; sourceTree = "<group>"; };
		742375072046DC0300B9A0C0 /* ApiRequests.swift */ = {isa = PBXFileReference; lastKnownFileType = sourcecode.swift; path = ApiRequests.swift; sourceTree = "<group>"; };
		7423757E20499FB600B9A0C0 /* PrivateChatViewController.swift */ = {isa = PBXFileReference; lastKnownFileType = sourcecode.swift; path = PrivateChatViewController.swift; sourceTree = "<group>"; };
		74237582204BE0E100B9A0C0 /* PrivateChatMessageCelVc.swift */ = {isa = PBXFileReference; lastKnownFileType = sourcecode.swift; path = PrivateChatMessageCelVc.swift; sourceTree = "<group>"; };
		7428551E204FF16300637511 /* TestTabVc.swift */ = {isa = PBXFileReference; lastKnownFileType = sourcecode.swift; path = TestTabVc.swift; sourceTree = "<group>"; };
		743A207D203C1B12008DF1AA /* Snapgroup.app */ = {isa = PBXFileReference; explicitFileType = wrapper.application; includeInIndex = 0; path = Snapgroup.app; sourceTree = BUILT_PRODUCTS_DIR; };
		743A2080203C1B12008DF1AA /* AppDelegate.swift */ = {isa = PBXFileReference; lastKnownFileType = sourcecode.swift; path = AppDelegate.swift; sourceTree = "<group>"; };
		743A2082203C1B12008DF1AA /* ViewController.swift */ = {isa = PBXFileReference; lastKnownFileType = sourcecode.swift; path = ViewController.swift; sourceTree = "<group>"; };
		743A2085203C1B12008DF1AA /* Base */ = {isa = PBXFileReference; lastKnownFileType = file.storyboard; name = Base; path = Base.lproj/Main.storyboard; sourceTree = "<group>"; };
		743A2087203C1B12008DF1AA /* Assets.xcassets */ = {isa = PBXFileReference; lastKnownFileType = folder.assetcatalog; path = Assets.xcassets; sourceTree = "<group>"; };
		743A208A203C1B12008DF1AA /* Base */ = {isa = PBXFileReference; lastKnownFileType = file.storyboard; name = Base; path = Base.lproj/LaunchScreen.storyboard; sourceTree = "<group>"; };
		743A208C203C1B12008DF1AA /* Info.plist */ = {isa = PBXFileReference; lastKnownFileType = text.plist.xml; path = Info.plist; sourceTree = "<group>"; };
		743A2091203C1B12008DF1AA /* SnapgroupTests.xctest */ = {isa = PBXFileReference; explicitFileType = wrapper.cfbundle; includeInIndex = 0; path = SnapgroupTests.xctest; sourceTree = BUILT_PRODUCTS_DIR; };
		743A2095203C1B12008DF1AA /* Complex_JSONTests.swift */ = {isa = PBXFileReference; lastKnownFileType = sourcecode.swift; path = Complex_JSONTests.swift; sourceTree = "<group>"; };
		743A2097203C1B12008DF1AA /* Info.plist */ = {isa = PBXFileReference; lastKnownFileType = text.plist.xml; path = Info.plist; sourceTree = "<group>"; };
		743A209C203C1B12008DF1AA /* SnapgroupUITests.xctest */ = {isa = PBXFileReference; explicitFileType = wrapper.cfbundle; includeInIndex = 0; path = SnapgroupUITests.xctest; sourceTree = BUILT_PRODUCTS_DIR; };
		743A20A0203C1B12008DF1AA /* Complex_JSONUITests.swift */ = {isa = PBXFileReference; lastKnownFileType = sourcecode.swift; path = Complex_JSONUITests.swift; sourceTree = "<group>"; };
		743A20A2203C1B12008DF1AA /* Info.plist */ = {isa = PBXFileReference; lastKnownFileType = text.plist.xml; path = Info.plist; sourceTree = "<group>"; };
		743A20BD203C3A97008DF1AA /* GroupRequest.swift */ = {isa = PBXFileReference; lastKnownFileType = sourcecode.swift; path = GroupRequest.swift; sourceTree = "<group>"; };
		743A2101203C6468008DF1AA /* GroupViewController.swift */ = {isa = PBXFileReference; lastKnownFileType = sourcecode.swift; path = GroupViewController.swift; sourceTree = "<group>"; };
		7443303E2063EC7400D4073F /* JoinViewController.swift */ = {isa = PBXFileReference; lastKnownFileType = sourcecode.swift; path = JoinViewController.swift; sourceTree = "<group>"; };
		74490C18205298D6007AD4FA /* CustomMarkerView.swift */ = {isa = PBXFileReference; lastKnownFileType = sourcecode.swift; path = CustomMarkerView.swift; sourceTree = "<group>"; };
		74490C1A20529E22007AD4FA /* MapViewController.swift */ = {isa = PBXFileReference; lastKnownFileType = sourcecode.swift; path = MapViewController.swift; sourceTree = "<group>"; };
		74490C1C2052B8F0007AD4FA /* KeyboardViewController.swift */ = {isa = PBXFileReference; lastKnownFileType = sourcecode.swift; path = KeyboardViewController.swift; sourceTree = "<group>"; };
		746D27FE205C022C001832F6 /* Snapgroup.entitlements */ = {isa = PBXFileReference; lastKnownFileType = text.plist.entitlements; path = Snapgroup.entitlements; sourceTree = "<group>"; };
		746E9F372077B9CB009B3258 /* MemberInboxViewController.swift */ = {isa = PBXFileReference; lastKnownFileType = sourcecode.swift; path = MemberInboxViewController.swift; sourceTree = "<group>"; };
		746E9F392077BA88009B3258 /* NotificationCell.swift */ = {isa = PBXFileReference; lastKnownFileType = sourcecode.swift; path = NotificationCell.swift; sourceTree = "<group>"; };
		74730C4E205666680091D657 /* ItineraryViewController.swift */ = {isa = PBXFileReference; lastKnownFileType = sourcecode.swift; path = ItineraryViewController.swift; sourceTree = "<group>"; };
		74773B76205EBE7D0059338B /* Section.swift */ = {isa = PBXFileReference; lastKnownFileType = sourcecode.swift; path = Section.swift; sourceTree = "<group>"; };
		74773B78205EBFA50059338B /* ExpandableHeaderView.swift */ = {isa = PBXFileReference; lastKnownFileType = sourcecode.swift; path = ExpandableHeaderView.swift; sourceTree = "<group>"; };
		749058FD203D605F00C6B8C1 /* CustomTableViewCell.swift */ = {isa = PBXFileReference; lastKnownFileType = sourcecode.swift; path = CustomTableViewCell.swift; sourceTree = "<group>"; };
		74905900203D853200C6B8C1 /* DesignableView.swift */ = {isa = PBXFileReference; lastKnownFileType = sourcecode.swift; path = DesignableView.swift; sourceTree = "<group>"; };
		74905902203D89E000C6B8C1 /* SignUpVC.swift */ = {isa = PBXFileReference; lastKnownFileType = sourcecode.swift; path = SignUpVC.swift; sourceTree = "<group>"; };
		74905904203DB5DA00C6B8C1 /* MainTabController.swift */ = {isa = PBXFileReference; lastKnownFileType = sourcecode.swift; path = MainTabController.swift; sourceTree = "<group>"; };
		74905908203DB9DC00C6B8C1 /* HomeViewController.swift */ = {isa = PBXFileReference; lastKnownFileType = sourcecode.swift; path = HomeViewController.swift; sourceTree = "<group>"; };
		74A5A4382085D2DB00A97052 /* CheckListItemCell.swift */ = {isa = PBXFileReference; lastKnownFileType = sourcecode.swift; path = CheckListItemCell.swift; sourceTree = "<group>"; };
		74A5A43A2085D31A00A97052 /* checkListCustomCellController.swift */ = {isa = PBXFileReference; lastKnownFileType = sourcecode.swift; path = checkListCustomCellController.swift; sourceTree = "<group>"; };
		74A5A43D2085D64900A97052 /* GroupLeaderViewController.swift */ = {isa = PBXFileReference; lastKnownFileType = sourcecode.swift; path = GroupLeaderViewController.swift; sourceTree = "<group>"; };
		74B3CDEF205538F700440EB0 /* Colors.swift */ = {isa = PBXFileReference; lastKnownFileType = sourcecode.swift; path = Colors.swift; sourceTree = "<group>"; };
		74B3CDF22055692B00440EB0 /* ServicesViewController.swift */ = {isa = PBXFileReference; lastKnownFileType = sourcecode.swift; path = ServicesViewController.swift; sourceTree = "<group>"; };
		74B9BCFA205CF82D005A0C60 /* CheckListViewController.swift */ = {isa = PBXFileReference; lastKnownFileType = sourcecode.swift; path = CheckListViewController.swift; sourceTree = "<group>"; };
		74F0521020657938009A4273 /* Complex JSON.xcworkspace */ = {isa = PBXFileReference; lastKnownFileType = wrapper.workspace; path = "Complex JSON.xcworkspace"; sourceTree = "<group>"; };
		74F0521120657938009A4273 /* Snapgroup.xcworkspace */ = {isa = PBXFileReference; lastKnownFileType = wrapper.workspace; path = Snapgroup.xcworkspace; sourceTree = "<group>"; };
		74F1FF1F208B2E3C00976958 /* GoogleService-Info.plist */ = {isa = PBXFileReference; fileEncoding = 4; lastKnownFileType = text.plist.xml; name = "GoogleService-Info.plist"; path = "../../../../Downloads/GoogleService-Info.plist"; sourceTree = "<group>"; };
		74F7AAA020580D1F00E66DF8 /* ScrollTestViewController.swift */ = {isa = PBXFileReference; lastKnownFileType = sourcecode.swift; path = ScrollTestViewController.swift; sourceTree = "<group>"; };
		74F7AAA220595D6B00E66DF8 /* ItineraryServiceViewControllerCell.swift */ = {isa = PBXFileReference; lastKnownFileType = sourcecode.swift; path = ItineraryServiceViewControllerCell.swift; sourceTree = "<group>"; };
		74F7AAA4205A976400E66DF8 /* GroupMapViewController.swift */ = {isa = PBXFileReference; lastKnownFileType = sourcecode.swift; path = GroupMapViewController.swift; sourceTree = "<group>"; };
		74F7AAE1205BE6AA00E66DF8 /* DocsViewController.swift */ = {isa = PBXFileReference; lastKnownFileType = sourcecode.swift; path = DocsViewController.swift; sourceTree = "<group>"; };
		74FBD105205009FD002D223A /* MembersViewController.swift */ = {isa = PBXFileReference; lastKnownFileType = sourcecode.swift; path = MembersViewController.swift; sourceTree = "<group>"; };
		74FBD10920514220002D223A /* MemberCollectionCell.swift */ = {isa = PBXFileReference; lastKnownFileType = sourcecode.swift; path = MemberCollectionCell.swift; sourceTree = "<group>"; };
		74FBD10B20518542002D223A /* MemberModalViewController.swift */ = {isa = PBXFileReference; lastKnownFileType = sourcecode.swift; path = MemberModalViewController.swift; sourceTree = "<group>"; };
		74FBD10D20528D2D002D223A /* Models.swift */ = {isa = PBXFileReference; lastKnownFileType = sourcecode.swift; path = Models.swift; sourceTree = "<group>"; };
		89E7D6AE145D4989B1E4DBF6 /* Pods_Complex_JSON.framework */ = {isa = PBXFileReference; explicitFileType = wrapper.framework; includeInIndex = 0; path = Pods_Complex_JSON.framework; sourceTree = BUILT_PRODUCTS_DIR; };
		D4F2DA88D0C7A1EAE5A7D431 /* Pods_Snapgroup.framework */ = {isa = PBXFileReference; explicitFileType = wrapper.framework; includeInIndex = 0; path = Pods_Snapgroup.framework; sourceTree = BUILT_PRODUCTS_DIR; };
		F44CD3C49D70D6E498CC6CF1 /* Pods-Complex JSON.release.xcconfig */ = {isa = PBXFileReference; includeInIndex = 1; lastKnownFileType = text.xcconfig; name = "Pods-Complex JSON.release.xcconfig"; path = "Pods/Target Support Files/Pods-Complex JSON/Pods-Complex JSON.release.xcconfig"; sourceTree = "<group>"; };
/* End PBXFileReference section */

/* Begin PBXFrameworksBuildPhase section */
		743A207A203C1B12008DF1AA /* Frameworks */ = {
			isa = PBXFrameworksBuildPhase;
			buildActionMask = 2147483647;
			files = (
				3224F4A14D6F26AAD4E072C0 /* Pods_Snapgroup.framework in Frameworks */,
			);
			runOnlyForDeploymentPostprocessing = 0;
		};
		743A208E203C1B12008DF1AA /* Frameworks */ = {
			isa = PBXFrameworksBuildPhase;
			buildActionMask = 2147483647;
			files = (
			);
			runOnlyForDeploymentPostprocessing = 0;
		};
		743A2099203C1B12008DF1AA /* Frameworks */ = {
			isa = PBXFrameworksBuildPhase;
			buildActionMask = 2147483647;
			files = (
			);
			runOnlyForDeploymentPostprocessing = 0;
		};
/* End PBXFrameworksBuildPhase section */

/* Begin PBXGroup section */
		74138E052044211400F37028 /* Chat */ = {
			isa = PBXGroup;
			children = (
				74138E032044207700F37028 /* ChatViewController.swift */,
				74138E06204442FD00F37028 /* ChatCustomCellController.swift */,
				7423757E20499FB600B9A0C0 /* PrivateChatViewController.swift */,
				74237582204BE0E100B9A0C0 /* PrivateChatMessageCelVc.swift */,
			);
			path = Chat;
			sourceTree = "<group>";
		};
		7418AFB7203EB3C1007BBC3D /* ImageSlideshow */ = {
			isa = PBXGroup;
			children = (
				7418AFB8203EB3C1007BBC3D /* Classes */,
				7418AFC9203EB3C1007BBC3D /* Assets */,
			);
			path = ImageSlideshow;
			sourceTree = "<group>";
		};
		7418AFB8203EB3C1007BBC3D /* Classes */ = {
			isa = PBXGroup;
			children = (
				7418AFB9203EB3C1007BBC3D /* Core */,
				7418AFC2203EB3C1007BBC3D /* .gitkeep */,
				7418AFC3203EB3C1007BBC3D /* InputSources */,
			);
			path = Classes;
			sourceTree = "<group>";
		};
		7418AFB9203EB3C1007BBC3D /* Core */ = {
			isa = PBXGroup;
			children = (
				7418AFBA203EB3C1007BBC3D /* UIImage+AspectFit.swift */,
				7418AFBB203EB3C1007BBC3D /* UIImageView+Tools.swift */,
				7418AFBC203EB3C1007BBC3D /* ImageSlideshowItem.swift */,
				7418AFBD203EB3C1007BBC3D /* ActivityIndicator.swift */,
				7418AFBE203EB3C1007BBC3D /* ImageSlideshow.swift */,
				7418AFBF203EB3C1007BBC3D /* FullScreenSlideshowViewController.swift */,
				7418AFC0203EB3C1007BBC3D /* InputSource.swift */,
				7418AFC1203EB3C1007BBC3D /* ZoomAnimatedTransitioning.swift */,
			);
			path = Core;
			sourceTree = "<group>";
		};
		7418AFC3203EB3C1007BBC3D /* InputSources */ = {
			isa = PBXGroup;
			children = (
				7418AFC4203EB3C1007BBC3D /* KingfisherSource.swift */,
				7418AFC5203EB3C1007BBC3D /* ParseSource.swift */,
				7418AFC6203EB3C1007BBC3D /* SDWebImageSource.swift */,
				7418AFC7203EB3C1007BBC3D /* AFURLSource.swift */,
				7418AFC8203EB3C1007BBC3D /* AlamofireSource.swift */,
			);
			path = InputSources;
			sourceTree = "<group>";
		};
		7418AFC9203EB3C1007BBC3D /* Assets */ = {
			isa = PBXGroup;
			children = (
				7418AFCA203EB3C1007BBC3D /* ic_cross_white@3x.png */,
				7418AFCB203EB3C1007BBC3D /* .gitkeep */,
				7418AFCC203EB3C1007BBC3D /* ic_cross_white@2x.png */,
			);
			path = Assets;
			sourceTree = "<group>";
		};
		741D2A0A2042B16A00DB8975 /* Group Member Tabs */ = {
			isa = PBXGroup;
			children = (
				741D2A0F2042B40C00DB8975 /* DetailsViewController.swift */,
				74138E0120440E9D00F37028 /* MenuViewController.swift */,
				7443303E2063EC7400D4073F /* JoinViewController.swift */,
			);
			path = "Group Member Tabs";
			sourceTree = "<group>";
		};
		742375092046DE0200B9A0C0 /* Classes */ = {
			isa = PBXGroup;
			children = (
				742375072046DC0300B9A0C0 /* ApiRequests.swift */,
				743A20BD203C3A97008DF1AA /* GroupRequest.swift */,
				74FBD10D20528D2D002D223A /* Models.swift */,
				74B3CDEF205538F700440EB0 /* Colors.swift */,
			);
			path = Classes;
			sourceTree = "<group>";
		};
		7428551D204FF14000637511 /* Test */ = {
			isa = PBXGroup;
			children = (
				7428551E204FF16300637511 /* TestTabVc.swift */,
				74490C1C2052B8F0007AD4FA /* KeyboardViewController.swift */,
				74F7AAA020580D1F00E66DF8 /* ScrollTestViewController.swift */,
			);
			path = Test;
			sourceTree = "<group>";
		};
		743A2074203C1B12008DF1AA = {
			isa = PBXGroup;
			children = (
				746D27FE205C022C001832F6 /* Snapgroup.entitlements */,
				743A207F203C1B12008DF1AA /* Complex JSON */,
				743A2094203C1B12008DF1AA /* Complex JSONTests */,
				743A209F203C1B12008DF1AA /* Complex JSONUITests */,
				743A207E203C1B12008DF1AA /* Products */,
				C5D372449F7ECC4B78A74442 /* Pods */,
				CE2645668A2C15AF189EA415 /* Frameworks */,
			);
			sourceTree = "<group>";
		};
		743A207E203C1B12008DF1AA /* Products */ = {
			isa = PBXGroup;
			children = (
				743A207D203C1B12008DF1AA /* Snapgroup.app */,
				743A2091203C1B12008DF1AA /* SnapgroupTests.xctest */,
				743A209C203C1B12008DF1AA /* SnapgroupUITests.xctest */,
			);
			name = Products;
			sourceTree = "<group>";
		};
		743A207F203C1B12008DF1AA /* Complex JSON */ = {
			isa = PBXGroup;
			children = (
				74A5A43C2085D63000A97052 /* Group Leader */,
				746E9F362077B99F009B3258 /* Member Inbox */,
				74B9BCF9205CF815005A0C60 /* Check List */,
				74B9BCF8205C2504005A0C60 /* Group List */,
				74F7AAE0205BE69600E66DF8 /* Documents */,
				74730C4D2056662E0091D657 /* Itinerary */,
				74B3CDF12055691C00440EB0 /* Services */,
				74490C17205298AA007AD4FA /* Map */,
				74FBD104205009E0002D223A /* Members Page */,
				7428551D204FF14000637511 /* Test */,
				742375092046DE0200B9A0C0 /* Classes */,
				74138E052044211400F37028 /* Chat */,
				741D2A0A2042B16A00DB8975 /* Group Member Tabs */,
				7418AFB7203EB3C1007BBC3D /* ImageSlideshow */,
				749058FF203D850300C6B8C1 /* IBDesignable */,
				743A2080203C1B12008DF1AA /* AppDelegate.swift */,
				743A2082203C1B12008DF1AA /* ViewController.swift */,
				74F1FF1F208B2E3C00976958 /* GoogleService-Info.plist */,
				743A2084203C1B12008DF1AA /* Main.storyboard */,
				74905904203DB5DA00C6B8C1 /* MainTabController.swift */,
				74905902203D89E000C6B8C1 /* SignUpVC.swift */,
				743A2087203C1B12008DF1AA /* Assets.xcassets */,
				743A2089203C1B12008DF1AA /* LaunchScreen.storyboard */,
				743A208C203C1B12008DF1AA /* Info.plist */,
			);
			path = "Complex JSON";
			sourceTree = "<group>";
		};
		743A2094203C1B12008DF1AA /* Complex JSONTests */ = {
			isa = PBXGroup;
			children = (
				743A2095203C1B12008DF1AA /* Complex_JSONTests.swift */,
				743A2097203C1B12008DF1AA /* Info.plist */,
			);
			path = "Complex JSONTests";
			sourceTree = "<group>";
		};
		743A209F203C1B12008DF1AA /* Complex JSONUITests */ = {
			isa = PBXGroup;
			children = (
				743A20A0203C1B12008DF1AA /* Complex_JSONUITests.swift */,
				743A20A2203C1B12008DF1AA /* Info.plist */,
			);
			path = "Complex JSONUITests";
			sourceTree = "<group>";
		};
		74490C17205298AA007AD4FA /* Map */ = {
			isa = PBXGroup;
			children = (
				74490C18205298D6007AD4FA /* CustomMarkerView.swift */,
				74490C1A20529E22007AD4FA /* MapViewController.swift */,
				74F7AAA4205A976400E66DF8 /* GroupMapViewController.swift */,
			);
			path = Map;
			sourceTree = "<group>";
		};
		746E9F362077B99F009B3258 /* Member Inbox */ = {
			isa = PBXGroup;
			children = (
				746E9F372077B9CB009B3258 /* MemberInboxViewController.swift */,
				746E9F392077BA88009B3258 /* NotificationCell.swift */,
			);
			path = "Member Inbox";
			sourceTree = "<group>";
		};
		74730C4D2056662E0091D657 /* Itinerary */ = {
			isa = PBXGroup;
			children = (
				74730C4E205666680091D657 /* ItineraryViewController.swift */,
				7404F38120569F220017762F /* ItemViewController.swift */,
				74F7AAA220595D6B00E66DF8 /* ItineraryServiceViewControllerCell.swift */,
			);
			path = Itinerary;
			sourceTree = "<group>";
		};
		74773B75205EBE580059338B /* ExpandableHeaderView */ = {
			isa = PBXGroup;
			children = (
				74773B76205EBE7D0059338B /* Section.swift */,
				74773B78205EBFA50059338B /* ExpandableHeaderView.swift */,
			);
			path = ExpandableHeaderView;
			sourceTree = "<group>";
		};
		749058FF203D850300C6B8C1 /* IBDesignable */ = {
			isa = PBXGroup;
			children = (
				74905900203D853200C6B8C1 /* DesignableView.swift */,
			);
			path = IBDesignable;
			sourceTree = "<group>";
		};
		74A5A43C2085D63000A97052 /* Group Leader */ = {
			isa = PBXGroup;
			children = (
				74A5A43D2085D64900A97052 /* GroupLeaderViewController.swift */,
			);
			path = "Group Leader";
			sourceTree = "<group>";
		};
		74B3CDF12055691C00440EB0 /* Services */ = {
			isa = PBXGroup;
			children = (
				74773B75205EBE580059338B /* ExpandableHeaderView */,
				74B3CDF22055692B00440EB0 /* ServicesViewController.swift */,
			);
			path = Services;
			sourceTree = "<group>";
		};
		74B9BCF8205C2504005A0C60 /* Group List */ = {
			isa = PBXGroup;
			children = (
				74905908203DB9DC00C6B8C1 /* HomeViewController.swift */,
				749058FD203D605F00C6B8C1 /* CustomTableViewCell.swift */,
				743A2101203C6468008DF1AA /* GroupViewController.swift */,
			);
			path = "Group List";
			sourceTree = "<group>";
		};
		74B9BCF9205CF815005A0C60 /* Check List */ = {
			isa = PBXGroup;
			children = (
				74B9BCFA205CF82D005A0C60 /* CheckListViewController.swift */,
				74A5A4382085D2DB00A97052 /* CheckListItemCell.swift */,
				74A5A43A2085D31A00A97052 /* checkListCustomCellController.swift */,
			);
			path = "Check List";
			sourceTree = "<group>";
		};
		74F7AAE0205BE69600E66DF8 /* Documents */ = {
			isa = PBXGroup;
			children = (
				74F7AAE1205BE6AA00E66DF8 /* DocsViewController.swift */,
			);
			path = Documents;
			sourceTree = "<group>";
		};
		74FBD104205009E0002D223A /* Members Page */ = {
			isa = PBXGroup;
			children = (
				74FBD105205009FD002D223A /* MembersViewController.swift */,
				74FBD10920514220002D223A /* MemberCollectionCell.swift */,
				74FBD10B20518542002D223A /* MemberModalViewController.swift */,
			);
			path = "Members Page";
			sourceTree = "<group>";
		};
		C5D372449F7ECC4B78A74442 /* Pods */ = {
			isa = PBXGroup;
			children = (
				4CF86BF3C56B0D575EA7CC1C /* Pods-Complex JSON.debug.xcconfig */,
				F44CD3C49D70D6E498CC6CF1 /* Pods-Complex JSON.release.xcconfig */,
				22C8D6AA62C7371008E12410 /* Pods-Snapgroup.debug.xcconfig */,
				177A3BAF819CF79D7CB80D53 /* Pods-Snapgroup.release.xcconfig */,
			);
			name = Pods;
			sourceTree = "<group>";
		};
		CE2645668A2C15AF189EA415 /* Frameworks */ = {
			isa = PBXGroup;
			children = (
				74F0521020657938009A4273 /* Complex JSON.xcworkspace */,
				74F0521120657938009A4273 /* Snapgroup.xcworkspace */,
				89E7D6AE145D4989B1E4DBF6 /* Pods_Complex_JSON.framework */,
				D4F2DA88D0C7A1EAE5A7D431 /* Pods_Snapgroup.framework */,
			);
			name = Frameworks;
			sourceTree = "<group>";
		};
/* End PBXGroup section */

/* Begin PBXNativeTarget section */
		743A207C203C1B12008DF1AA /* Snapgroup */ = {
			isa = PBXNativeTarget;
			buildConfigurationList = 743A20A5203C1B12008DF1AA /* Build configuration list for PBXNativeTarget "Snapgroup" */;
			buildPhases = (
				BF8A7DB1B9B94E4EDCEE8FCA /* [CP] Check Pods Manifest.lock */,
				743A2079203C1B12008DF1AA /* Sources */,
				743A207A203C1B12008DF1AA /* Frameworks */,
				743A207B203C1B12008DF1AA /* Resources */,
				302647B6A102FAD62206D9C7 /* [CP] Embed Pods Frameworks */,
				AE45F7CCA941ACAABFDAC1AF /* [CP] Copy Pods Resources */,
			);
			buildRules = (
			);
			dependencies = (
			);
			name = Snapgroup;
			productName = "Complex JSON";
			productReference = 743A207D203C1B12008DF1AA /* Snapgroup.app */;
			productType = "com.apple.product-type.application";
		};
		743A2090203C1B12008DF1AA /* SnapgroupTests */ = {
			isa = PBXNativeTarget;
			buildConfigurationList = 743A20A8203C1B12008DF1AA /* Build configuration list for PBXNativeTarget "SnapgroupTests" */;
			buildPhases = (
				743A208D203C1B12008DF1AA /* Sources */,
				743A208E203C1B12008DF1AA /* Frameworks */,
				743A208F203C1B12008DF1AA /* Resources */,
			);
			buildRules = (
			);
			dependencies = (
				743A2093203C1B12008DF1AA /* PBXTargetDependency */,
			);
			name = SnapgroupTests;
			productName = "Complex JSONTests";
			productReference = 743A2091203C1B12008DF1AA /* SnapgroupTests.xctest */;
			productType = "com.apple.product-type.bundle.unit-test";
		};
		743A209B203C1B12008DF1AA /* SnapgroupUITests */ = {
			isa = PBXNativeTarget;
			buildConfigurationList = 743A20AB203C1B12008DF1AA /* Build configuration list for PBXNativeTarget "SnapgroupUITests" */;
			buildPhases = (
				743A2098203C1B12008DF1AA /* Sources */,
				743A2099203C1B12008DF1AA /* Frameworks */,
				743A209A203C1B12008DF1AA /* Resources */,
			);
			buildRules = (
			);
			dependencies = (
				743A209E203C1B12008DF1AA /* PBXTargetDependency */,
			);
			name = SnapgroupUITests;
			productName = "Complex JSONUITests";
			productReference = 743A209C203C1B12008DF1AA /* SnapgroupUITests.xctest */;
			productType = "com.apple.product-type.bundle.ui-testing";
		};
/* End PBXNativeTarget section */

/* Begin PBXProject section */
		743A2075203C1B12008DF1AA /* Project object */ = {
			isa = PBXProject;
			attributes = {
				LastSwiftUpdateCheck = 0920;
				LastUpgradeCheck = 0920;
				ORGANIZATIONNAME = snapmac;
				TargetAttributes = {
					743A207C203C1B12008DF1AA = {
						CreatedOnToolsVersion = 9.2;
						ProvisioningStyle = Automatic;
						SystemCapabilities = {
							com.apple.BackgroundModes = {
								enabled = 1;
							};
							com.apple.DataProtection = {
								enabled = 0;
							};
							com.apple.InterAppAudio = {
								enabled = 0;
							};
							com.apple.Push = {
								enabled = 1;
							};
						};
					};
					743A2090203C1B12008DF1AA = {
						CreatedOnToolsVersion = 9.2;
						ProvisioningStyle = Automatic;
						TestTargetID = 743A207C203C1B12008DF1AA;
					};
					743A209B203C1B12008DF1AA = {
						CreatedOnToolsVersion = 9.2;
						ProvisioningStyle = Automatic;
						TestTargetID = 743A207C203C1B12008DF1AA;
					};
				};
			};
			buildConfigurationList = 743A2078203C1B12008DF1AA /* Build configuration list for PBXProject "Snapgroup" */;
			compatibilityVersion = "Xcode 8.0";
			developmentRegion = en;
			hasScannedForEncodings = 0;
			knownRegions = (
				en,
				Base,
			);
			mainGroup = 743A2074203C1B12008DF1AA;
			productRefGroup = 743A207E203C1B12008DF1AA /* Products */;
			projectDirPath = "";
			projectRoot = "";
			targets = (
				743A207C203C1B12008DF1AA /* Snapgroup */,
				743A2090203C1B12008DF1AA /* SnapgroupTests */,
				743A209B203C1B12008DF1AA /* SnapgroupUITests */,
			);
		};
/* End PBXProject section */

/* Begin PBXResourcesBuildPhase section */
		743A207B203C1B12008DF1AA /* Resources */ = {
			isa = PBXResourcesBuildPhase;
			buildActionMask = 2147483647;
			files = (
				743A208B203C1B12008DF1AA /* LaunchScreen.storyboard in Resources */,
				743A2088203C1B12008DF1AA /* Assets.xcassets in Resources */,
				743A2086203C1B12008DF1AA /* Main.storyboard in Resources */,
				74F1FF20208B2E3D00976958 /* GoogleService-Info.plist in Resources */,
			);
			runOnlyForDeploymentPostprocessing = 0;
		};
		743A208F203C1B12008DF1AA /* Resources */ = {
			isa = PBXResourcesBuildPhase;
			buildActionMask = 2147483647;
			files = (
			);
			runOnlyForDeploymentPostprocessing = 0;
		};
		743A209A203C1B12008DF1AA /* Resources */ = {
			isa = PBXResourcesBuildPhase;
			buildActionMask = 2147483647;
			files = (
			);
			runOnlyForDeploymentPostprocessing = 0;
		};
/* End PBXResourcesBuildPhase section */

/* Begin PBXShellScriptBuildPhase section */
		302647B6A102FAD62206D9C7 /* [CP] Embed Pods Frameworks */ = {
			isa = PBXShellScriptBuildPhase;
			buildActionMask = 2147483647;
			files = (
			);
			inputPaths = (
				"${SRCROOT}/Pods/Target Support Files/Pods-Snapgroup/Pods-Snapgroup-frameworks.sh",
				"${BUILT_PRODUCTS_DIR}/ARSLineProgress/ARSLineProgress.framework",
				"${BUILT_PRODUCTS_DIR}/Alamofire/Alamofire.framework",
				"${BUILT_PRODUCTS_DIR}/AlamofireImage/AlamofireImage.framework",
				"${BUILT_PRODUCTS_DIR}/Auk/Auk.framework",
				"${BUILT_PRODUCTS_DIR}/BmoViewPager/BmoViewPager.framework",
				"${BUILT_PRODUCTS_DIR}/ExpandableLabel/ExpandableLabel.framework",
				"${BUILT_PRODUCTS_DIR}/GoneVisible/GoneVisible.framework",
				"${BUILT_PRODUCTS_DIR}/GoogleToolboxForMac/GoogleToolboxForMac.framework",
				"${BUILT_PRODUCTS_DIR}/ImageSlideshow/ImageSlideshow.framework",
				"${BUILT_PRODUCTS_DIR}/M13Checkbox/M13Checkbox.framework",
				"${BUILT_PRODUCTS_DIR}/MRCountryPicker/MRCountryPicker.framework",
				"${BUILT_PRODUCTS_DIR}/PageControl/PageControl.framework",
				"${BUILT_PRODUCTS_DIR}/Protobuf/Protobuf.framework",
				"${BUILT_PRODUCTS_DIR}/SDWebImage/SDWebImage.framework",
				"${BUILT_PRODUCTS_DIR}/Scrollable/Scrollable.framework",
				"${BUILT_PRODUCTS_DIR}/SkyFloatingLabelTextField/SkyFloatingLabelTextField.framework",
				"${BUILT_PRODUCTS_DIR}/Socket.IO-Client-Swift/SocketIO.framework",
				"${BUILT_PRODUCTS_DIR}/Starscream/Starscream.framework",
				"${BUILT_PRODUCTS_DIR}/SwiftHTTP/SwiftHTTP.framework",
				"${BUILT_PRODUCTS_DIR}/SwiftyAvatar/SwiftyAvatar.framework",
				"${BUILT_PRODUCTS_DIR}/Toast-Swift/Toast_Swift.framework",
				"${BUILT_PRODUCTS_DIR}/YNExpandableCell/YNExpandableCell.framework",
				"${BUILT_PRODUCTS_DIR}/leveldb-library/leveldb.framework",
				"${BUILT_PRODUCTS_DIR}/moa/moa.framework",
				"${BUILT_PRODUCTS_DIR}/nanopb/nanopb.framework",
			);
			name = "[CP] Embed Pods Frameworks";
			outputPaths = (
				"${TARGET_BUILD_DIR}/${FRAMEWORKS_FOLDER_PATH}/ARSLineProgress.framework",
				"${TARGET_BUILD_DIR}/${FRAMEWORKS_FOLDER_PATH}/Alamofire.framework",
				"${TARGET_BUILD_DIR}/${FRAMEWORKS_FOLDER_PATH}/AlamofireImage.framework",
				"${TARGET_BUILD_DIR}/${FRAMEWORKS_FOLDER_PATH}/Auk.framework",
				"${TARGET_BUILD_DIR}/${FRAMEWORKS_FOLDER_PATH}/BmoViewPager.framework",
				"${TARGET_BUILD_DIR}/${FRAMEWORKS_FOLDER_PATH}/ExpandableLabel.framework",
				"${TARGET_BUILD_DIR}/${FRAMEWORKS_FOLDER_PATH}/GoneVisible.framework",
				"${TARGET_BUILD_DIR}/${FRAMEWORKS_FOLDER_PATH}/GoogleToolboxForMac.framework",
				"${TARGET_BUILD_DIR}/${FRAMEWORKS_FOLDER_PATH}/ImageSlideshow.framework",
				"${TARGET_BUILD_DIR}/${FRAMEWORKS_FOLDER_PATH}/M13Checkbox.framework",
				"${TARGET_BUILD_DIR}/${FRAMEWORKS_FOLDER_PATH}/MRCountryPicker.framework",
				"${TARGET_BUILD_DIR}/${FRAMEWORKS_FOLDER_PATH}/PageControl.framework",
				"${TARGET_BUILD_DIR}/${FRAMEWORKS_FOLDER_PATH}/Protobuf.framework",
				"${TARGET_BUILD_DIR}/${FRAMEWORKS_FOLDER_PATH}/SDWebImage.framework",
				"${TARGET_BUILD_DIR}/${FRAMEWORKS_FOLDER_PATH}/Scrollable.framework",
				"${TARGET_BUILD_DIR}/${FRAMEWORKS_FOLDER_PATH}/SkyFloatingLabelTextField.framework",
				"${TARGET_BUILD_DIR}/${FRAMEWORKS_FOLDER_PATH}/SocketIO.framework",
				"${TARGET_BUILD_DIR}/${FRAMEWORKS_FOLDER_PATH}/Starscream.framework",
				"${TARGET_BUILD_DIR}/${FRAMEWORKS_FOLDER_PATH}/SwiftHTTP.framework",
				"${TARGET_BUILD_DIR}/${FRAMEWORKS_FOLDER_PATH}/SwiftyAvatar.framework",
				"${TARGET_BUILD_DIR}/${FRAMEWORKS_FOLDER_PATH}/Toast_Swift.framework",
				"${TARGET_BUILD_DIR}/${FRAMEWORKS_FOLDER_PATH}/YNExpandableCell.framework",
				"${TARGET_BUILD_DIR}/${FRAMEWORKS_FOLDER_PATH}/leveldb.framework",
				"${TARGET_BUILD_DIR}/${FRAMEWORKS_FOLDER_PATH}/moa.framework",
				"${TARGET_BUILD_DIR}/${FRAMEWORKS_FOLDER_PATH}/nanopb.framework",
			);
			runOnlyForDeploymentPostprocessing = 0;
			shellPath = /bin/sh;
			shellScript = "\"${SRCROOT}/Pods/Target Support Files/Pods-Snapgroup/Pods-Snapgroup-frameworks.sh\"\n";
			showEnvVarsInLog = 0;
		};
		AE45F7CCA941ACAABFDAC1AF /* [CP] Copy Pods Resources */ = {
			isa = PBXShellScriptBuildPhase;
			buildActionMask = 2147483647;
			files = (
			);
			inputPaths = (
				"${SRCROOT}/Pods/Target Support Files/Pods-Snapgroup/Pods-Snapgroup-resources.sh",
				"${PODS_ROOT}/GoogleMaps/Maps/Frameworks/GoogleMaps.framework/Resources/GoogleMaps.bundle",
				"${PODS_ROOT}/GooglePlacePicker/Frameworks/GooglePlacePicker.framework/Resources/GooglePlacePicker.bundle",
				"${PODS_ROOT}/GooglePlaces/Frameworks/GooglePlaces.framework/Resources/GooglePlaces.bundle",
			);
			name = "[CP] Copy Pods Resources";
			outputPaths = (
				"${TARGET_BUILD_DIR}/${UNLOCALIZED_RESOURCES_FOLDER_PATH}/GoogleMaps.bundle",
				"${TARGET_BUILD_DIR}/${UNLOCALIZED_RESOURCES_FOLDER_PATH}/GooglePlacePicker.bundle",
				"${TARGET_BUILD_DIR}/${UNLOCALIZED_RESOURCES_FOLDER_PATH}/GooglePlaces.bundle",
			);
			runOnlyForDeploymentPostprocessing = 0;
			shellPath = /bin/sh;
			shellScript = "\"${SRCROOT}/Pods/Target Support Files/Pods-Snapgroup/Pods-Snapgroup-resources.sh\"\n";
			showEnvVarsInLog = 0;
		};
		BF8A7DB1B9B94E4EDCEE8FCA /* [CP] Check Pods Manifest.lock */ = {
			isa = PBXShellScriptBuildPhase;
			buildActionMask = 2147483647;
			files = (
			);
			inputPaths = (
				"${PODS_PODFILE_DIR_PATH}/Podfile.lock",
				"${PODS_ROOT}/Manifest.lock",
			);
			name = "[CP] Check Pods Manifest.lock";
			outputPaths = (
				"$(DERIVED_FILE_DIR)/Pods-Snapgroup-checkManifestLockResult.txt",
			);
			runOnlyForDeploymentPostprocessing = 0;
			shellPath = /bin/sh;
			shellScript = "diff \"${PODS_PODFILE_DIR_PATH}/Podfile.lock\" \"${PODS_ROOT}/Manifest.lock\" > /dev/null\nif [ $? != 0 ] ; then\n    # print error to STDERR\n    echo \"error: The sandbox is not in sync with the Podfile.lock. Run 'pod install' or update your CocoaPods installation.\" >&2\n    exit 1\nfi\n# This output is used by Xcode 'outputs' to avoid re-running this script phase.\necho \"SUCCESS\" > \"${SCRIPT_OUTPUT_FILE_0}\"\n";
			showEnvVarsInLog = 0;
		};
/* End PBXShellScriptBuildPhase section */

/* Begin PBXSourcesBuildPhase section */
		743A2079203C1B12008DF1AA /* Sources */ = {
			isa = PBXSourcesBuildPhase;
			buildActionMask = 2147483647;
			files = (
				74A5A4392085D2DB00A97052 /* CheckListItemCell.swift in Sources */,
				74905903203D89E000C6B8C1 /* SignUpVC.swift in Sources */,
				74138E07204442FD00F37028 /* ChatCustomCellController.swift in Sources */,
				74F7AAA120580D1F00E66DF8 /* ScrollTestViewController.swift in Sources */,
				743A2102203C6468008DF1AA /* GroupViewController.swift in Sources */,
				74905905203DB5DA00C6B8C1 /* MainTabController.swift in Sources */,
				749058FE203D605F00C6B8C1 /* CustomTableViewCell.swift in Sources */,
				74A5A43B2085D31A00A97052 /* checkListCustomCellController.swift in Sources */,
				74237583204BE0E100B9A0C0 /* PrivateChatMessageCelVc.swift in Sources */,
				74B3CDF0205538F700440EB0 /* Colors.swift in Sources */,
				74FBD10E20528D2D002D223A /* Models.swift in Sources */,
				74490C1D2052B8F0007AD4FA /* KeyboardViewController.swift in Sources */,
				74730C4F205666680091D657 /* ItineraryViewController.swift in Sources */,
				74138E0220440E9D00F37028 /* MenuViewController.swift in Sources */,
				74905901203D853200C6B8C1 /* DesignableView.swift in Sources */,
				74490C1B20529E22007AD4FA /* MapViewController.swift in Sources */,
				74905909203DB9DC00C6B8C1 /* HomeViewController.swift in Sources */,
				743A20BE203C3A97008DF1AA /* GroupRequest.swift in Sources */,
				74FBD106205009FD002D223A /* MembersViewController.swift in Sources */,
				74773B77205EBE7D0059338B /* Section.swift in Sources */,
				7423757F20499FB600B9A0C0 /* PrivateChatViewController.swift in Sources */,
				74B3CDF32055692B00440EB0 /* ServicesViewController.swift in Sources */,
				74FBD10A20514220002D223A /* MemberCollectionCell.swift in Sources */,
				743A2083203C1B12008DF1AA /* ViewController.swift in Sources */,
				7443303F2063EC7400D4073F /* JoinViewController.swift in Sources */,
				74773B79205EBFA50059338B /* ExpandableHeaderView.swift in Sources */,
				74490C19205298D6007AD4FA /* CustomMarkerView.swift in Sources */,
				74B9BCFB205CF82D005A0C60 /* CheckListViewController.swift in Sources */,
				746E9F3A2077BA88009B3258 /* NotificationCell.swift in Sources */,
				7404F38220569F220017762F /* ItemViewController.swift in Sources */,
				742375082046DC0300B9A0C0 /* ApiRequests.swift in Sources */,
				7428551F204FF16300637511 /* TestTabVc.swift in Sources */,
				743A2081203C1B12008DF1AA /* AppDelegate.swift in Sources */,
				74A5A43E2085D64900A97052 /* GroupLeaderViewController.swift in Sources */,
				74F7AAA5205A976400E66DF8 /* GroupMapViewController.swift in Sources */,
				746E9F382077B9CB009B3258 /* MemberInboxViewController.swift in Sources */,
				74F7AAE2205BE6AA00E66DF8 /* DocsViewController.swift in Sources */,
				74138E042044207700F37028 /* ChatViewController.swift in Sources */,
				74FBD10C20518542002D223A /* MemberModalViewController.swift in Sources */,
				74F7AAA320595D6B00E66DF8 /* ItineraryServiceViewControllerCell.swift in Sources */,
				741D2A102042B40C00DB8975 /* DetailsViewController.swift in Sources */,
			);
			runOnlyForDeploymentPostprocessing = 0;
		};
		743A208D203C1B12008DF1AA /* Sources */ = {
			isa = PBXSourcesBuildPhase;
			buildActionMask = 2147483647;
			files = (
				743A2096203C1B12008DF1AA /* Complex_JSONTests.swift in Sources */,
			);
			runOnlyForDeploymentPostprocessing = 0;
		};
		743A2098203C1B12008DF1AA /* Sources */ = {
			isa = PBXSourcesBuildPhase;
			buildActionMask = 2147483647;
			files = (
				743A20A1203C1B12008DF1AA /* Complex_JSONUITests.swift in Sources */,
			);
			runOnlyForDeploymentPostprocessing = 0;
		};
/* End PBXSourcesBuildPhase section */

/* Begin PBXTargetDependency section */
		743A2093203C1B12008DF1AA /* PBXTargetDependency */ = {
			isa = PBXTargetDependency;
			target = 743A207C203C1B12008DF1AA /* Snapgroup */;
			targetProxy = 743A2092203C1B12008DF1AA /* PBXContainerItemProxy */;
		};
		743A209E203C1B12008DF1AA /* PBXTargetDependency */ = {
			isa = PBXTargetDependency;
			target = 743A207C203C1B12008DF1AA /* Snapgroup */;
			targetProxy = 743A209D203C1B12008DF1AA /* PBXContainerItemProxy */;
		};
/* End PBXTargetDependency section */

/* Begin PBXVariantGroup section */
		743A2084203C1B12008DF1AA /* Main.storyboard */ = {
			isa = PBXVariantGroup;
			children = (
				743A2085203C1B12008DF1AA /* Base */,
			);
			name = Main.storyboard;
			sourceTree = "<group>";
		};
		743A2089203C1B12008DF1AA /* LaunchScreen.storyboard */ = {
			isa = PBXVariantGroup;
			children = (
				743A208A203C1B12008DF1AA /* Base */,
			);
			name = LaunchScreen.storyboard;
			sourceTree = "<group>";
		};
/* End PBXVariantGroup section */

/* Begin XCBuildConfiguration section */
		743A20A3203C1B12008DF1AA /* Debug */ = {
			isa = XCBuildConfiguration;
			buildSettings = {
				ALWAYS_SEARCH_USER_PATHS = NO;
				CLANG_ANALYZER_NONNULL = YES;
				CLANG_ANALYZER_NUMBER_OBJECT_CONVERSION = YES_AGGRESSIVE;
				CLANG_CXX_LANGUAGE_STANDARD = "gnu++14";
				CLANG_CXX_LIBRARY = "libc++";
				CLANG_ENABLE_MODULES = YES;
				CLANG_ENABLE_OBJC_ARC = YES;
				CLANG_WARN_BLOCK_CAPTURE_AUTORELEASING = YES;
				CLANG_WARN_BOOL_CONVERSION = YES;
				CLANG_WARN_COMMA = YES;
				CLANG_WARN_CONSTANT_CONVERSION = YES;
				CLANG_WARN_DIRECT_OBJC_ISA_USAGE = YES_ERROR;
				CLANG_WARN_DOCUMENTATION_COMMENTS = YES;
				CLANG_WARN_EMPTY_BODY = YES;
				CLANG_WARN_ENUM_CONVERSION = YES;
				CLANG_WARN_INFINITE_RECURSION = YES;
				CLANG_WARN_INT_CONVERSION = YES;
				CLANG_WARN_NON_LITERAL_NULL_CONVERSION = YES;
				CLANG_WARN_OBJC_LITERAL_CONVERSION = YES;
				CLANG_WARN_OBJC_ROOT_CLASS = YES_ERROR;
				CLANG_WARN_RANGE_LOOP_ANALYSIS = YES;
				CLANG_WARN_STRICT_PROTOTYPES = YES;
				CLANG_WARN_SUSPICIOUS_MOVE = YES;
				CLANG_WARN_UNGUARDED_AVAILABILITY = YES_AGGRESSIVE;
				CLANG_WARN_UNREACHABLE_CODE = YES;
				CLANG_WARN__DUPLICATE_METHOD_MATCH = YES;
				CODE_SIGN_IDENTITY = "iPhone Developer";
				COPY_PHASE_STRIP = NO;
				DEBUG_INFORMATION_FORMAT = dwarf;
				ENABLE_STRICT_OBJC_MSGSEND = YES;
				ENABLE_TESTABILITY = YES;
				GCC_C_LANGUAGE_STANDARD = gnu11;
				GCC_DYNAMIC_NO_PIC = NO;
				GCC_NO_COMMON_BLOCKS = YES;
				GCC_OPTIMIZATION_LEVEL = 0;
				GCC_PREPROCESSOR_DEFINITIONS = (
					"DEBUG=1",
					"$(inherited)",
				);
				GCC_WARN_64_TO_32_BIT_CONVERSION = YES;
				GCC_WARN_ABOUT_RETURN_TYPE = YES_ERROR;
				GCC_WARN_UNDECLARED_SELECTOR = YES;
				GCC_WARN_UNINITIALIZED_AUTOS = YES_AGGRESSIVE;
				GCC_WARN_UNUSED_FUNCTION = YES;
				GCC_WARN_UNUSED_VARIABLE = YES;
				IPHONEOS_DEPLOYMENT_TARGET = 11.2;
				MTL_ENABLE_DEBUG_INFO = YES;
				ONLY_ACTIVE_ARCH = YES;
				SDKROOT = iphoneos;
				SWIFT_ACTIVE_COMPILATION_CONDITIONS = DEBUG;
				SWIFT_OPTIMIZATION_LEVEL = "-Onone";
			};
			name = Debug;
		};
		743A20A4203C1B12008DF1AA /* Release */ = {
			isa = XCBuildConfiguration;
			buildSettings = {
				ALWAYS_SEARCH_USER_PATHS = NO;
				CLANG_ANALYZER_NONNULL = YES;
				CLANG_ANALYZER_NUMBER_OBJECT_CONVERSION = YES_AGGRESSIVE;
				CLANG_CXX_LANGUAGE_STANDARD = "gnu++14";
				CLANG_CXX_LIBRARY = "libc++";
				CLANG_ENABLE_MODULES = YES;
				CLANG_ENABLE_OBJC_ARC = YES;
				CLANG_WARN_BLOCK_CAPTURE_AUTORELEASING = YES;
				CLANG_WARN_BOOL_CONVERSION = YES;
				CLANG_WARN_COMMA = YES;
				CLANG_WARN_CONSTANT_CONVERSION = YES;
				CLANG_WARN_DIRECT_OBJC_ISA_USAGE = YES_ERROR;
				CLANG_WARN_DOCUMENTATION_COMMENTS = YES;
				CLANG_WARN_EMPTY_BODY = YES;
				CLANG_WARN_ENUM_CONVERSION = YES;
				CLANG_WARN_INFINITE_RECURSION = YES;
				CLANG_WARN_INT_CONVERSION = YES;
				CLANG_WARN_NON_LITERAL_NULL_CONVERSION = YES;
				CLANG_WARN_OBJC_LITERAL_CONVERSION = YES;
				CLANG_WARN_OBJC_ROOT_CLASS = YES_ERROR;
				CLANG_WARN_RANGE_LOOP_ANALYSIS = YES;
				CLANG_WARN_STRICT_PROTOTYPES = YES;
				CLANG_WARN_SUSPICIOUS_MOVE = YES;
				CLANG_WARN_UNGUARDED_AVAILABILITY = YES_AGGRESSIVE;
				CLANG_WARN_UNREACHABLE_CODE = YES;
				CLANG_WARN__DUPLICATE_METHOD_MATCH = YES;
				CODE_SIGN_IDENTITY = "iPhone Developer";
				COPY_PHASE_STRIP = NO;
				DEBUG_INFORMATION_FORMAT = "dwarf-with-dsym";
				ENABLE_NS_ASSERTIONS = NO;
				ENABLE_STRICT_OBJC_MSGSEND = YES;
				GCC_C_LANGUAGE_STANDARD = gnu11;
				GCC_NO_COMMON_BLOCKS = YES;
				GCC_WARN_64_TO_32_BIT_CONVERSION = YES;
				GCC_WARN_ABOUT_RETURN_TYPE = YES_ERROR;
				GCC_WARN_UNDECLARED_SELECTOR = YES;
				GCC_WARN_UNINITIALIZED_AUTOS = YES_AGGRESSIVE;
				GCC_WARN_UNUSED_FUNCTION = YES;
				GCC_WARN_UNUSED_VARIABLE = YES;
				IPHONEOS_DEPLOYMENT_TARGET = 11.2;
				MTL_ENABLE_DEBUG_INFO = NO;
				SDKROOT = iphoneos;
				SWIFT_OPTIMIZATION_LEVEL = "-Owholemodule";
				VALIDATE_PRODUCT = YES;
			};
			name = Release;
		};
		743A20A6203C1B12008DF1AA /* Debug */ = {
			isa = XCBuildConfiguration;
			baseConfigurationReference = 22C8D6AA62C7371008E12410 /* Pods-Snapgroup.debug.xcconfig */;
			buildSettings = {
				ASSETCATALOG_COMPILER_APPICON_NAME = AppIcon;
				CODE_SIGN_ENTITLEMENTS = Snapgroup.entitlements;
				"CODE_SIGN_IDENTITY[sdk=iphoneos*]" = "iPhone Developer";
				CODE_SIGN_STYLE = Automatic;
				DEVELOPMENT_TEAM = SG76X4548N;
				INFOPLIST_FILE = "Complex JSON/Info.plist";
				IPHONEOS_DEPLOYMENT_TARGET = 11.2;
				LD_RUNPATH_SEARCH_PATHS = "$(inherited) @executable_path/Frameworks";
				PRODUCT_BUNDLE_IDENTIFIER = Snapgroup.snap2;
				PRODUCT_NAME = "$(TARGET_NAME)";
				PROVISIONING_PROFILE_SPECIFIER = "";
				SWIFT_VERSION = 4.0;
				TARGETED_DEVICE_FAMILY = "1,2";
			};
			name = Debug;
		};
		743A20A7203C1B12008DF1AA /* Release */ = {
			isa = XCBuildConfiguration;
			baseConfigurationReference = 177A3BAF819CF79D7CB80D53 /* Pods-Snapgroup.release.xcconfig */;
			buildSettings = {
				ASSETCATALOG_COMPILER_APPICON_NAME = AppIcon;
				CODE_SIGN_ENTITLEMENTS = Snapgroup.entitlements;
				"CODE_SIGN_IDENTITY[sdk=iphoneos*]" = "iPhone Developer";
				CODE_SIGN_STYLE = Automatic;
				DEVELOPMENT_TEAM = SG76X4548N;
				INFOPLIST_FILE = "Complex JSON/Info.plist";
				IPHONEOS_DEPLOYMENT_TARGET = 11.2;
				LD_RUNPATH_SEARCH_PATHS = "$(inherited) @executable_path/Frameworks";
				PRODUCT_BUNDLE_IDENTIFIER = Snapgroup.snap2;
				PRODUCT_NAME = "$(TARGET_NAME)";
				PROVISIONING_PROFILE_SPECIFIER = "";
				SWIFT_VERSION = 4.0;
				TARGETED_DEVICE_FAMILY = "1,2";
			};
			name = Release;
		};
		743A20A9203C1B12008DF1AA /* Debug */ = {
			isa = XCBuildConfiguration;
			buildSettings = {
				ALWAYS_EMBED_SWIFT_STANDARD_LIBRARIES = YES;
				BUNDLE_LOADER = "$(TEST_HOST)";
				CODE_SIGN_STYLE = Automatic;
				DEVELOPMENT_TEAM = SG76X4548N;
				INFOPLIST_FILE = "Complex JSONTests/Info.plist";
				LD_RUNPATH_SEARCH_PATHS = "$(inherited) @executable_path/Frameworks @loader_path/Frameworks";
				PRODUCT_BUNDLE_IDENTIFIER = "snapgroup.Complex-JSONTests";
				PRODUCT_NAME = "$(TARGET_NAME)";
				SWIFT_VERSION = 4.0;
				TARGETED_DEVICE_FAMILY = "1,2";
				TEST_HOST = "$(BUILT_PRODUCTS_DIR)/Snapgroup.app/Snapgroup";
			};
			name = Debug;
		};
		743A20AA203C1B12008DF1AA /* Release */ = {
			isa = XCBuildConfiguration;
			buildSettings = {
				ALWAYS_EMBED_SWIFT_STANDARD_LIBRARIES = YES;
				BUNDLE_LOADER = "$(TEST_HOST)";
				CODE_SIGN_STYLE = Automatic;
				DEVELOPMENT_TEAM = SG76X4548N;
				INFOPLIST_FILE = "Complex JSONTests/Info.plist";
				LD_RUNPATH_SEARCH_PATHS = "$(inherited) @executable_path/Frameworks @loader_path/Frameworks";
				PRODUCT_BUNDLE_IDENTIFIER = "snapgroup.Complex-JSONTests";
				PRODUCT_NAME = "$(TARGET_NAME)";
				SWIFT_VERSION = 4.0;
				TARGETED_DEVICE_FAMILY = "1,2";
				TEST_HOST = "$(BUILT_PRODUCTS_DIR)/Snapgroup.app/Snapgroup";
			};
			name = Release;
		};
		743A20AC203C1B12008DF1AA /* Debug */ = {
			isa = XCBuildConfiguration;
			buildSettings = {
				ALWAYS_EMBED_SWIFT_STANDARD_LIBRARIES = YES;
				CODE_SIGN_STYLE = Automatic;
				DEVELOPMENT_TEAM = LC6QR4F3TB;
				INFOPLIST_FILE = "Complex JSONUITests/Info.plist";
				LD_RUNPATH_SEARCH_PATHS = "$(inherited) @executable_path/Frameworks @loader_path/Frameworks";
				PRODUCT_BUNDLE_IDENTIFIER = "snapgroup.Complex-JSONUITests";
				PRODUCT_NAME = "$(TARGET_NAME)";
				SWIFT_VERSION = 4.0;
				TARGETED_DEVICE_FAMILY = "1,2";
				TEST_TARGET_NAME = "Complex JSON";
			};
			name = Debug;
		};
		743A20AD203C1B12008DF1AA /* Release */ = {
			isa = XCBuildConfiguration;
			buildSettings = {
				ALWAYS_EMBED_SWIFT_STANDARD_LIBRARIES = YES;
				CODE_SIGN_STYLE = Automatic;
				DEVELOPMENT_TEAM = LC6QR4F3TB;
				INFOPLIST_FILE = "Complex JSONUITests/Info.plist";
				LD_RUNPATH_SEARCH_PATHS = "$(inherited) @executable_path/Frameworks @loader_path/Frameworks";
				PRODUCT_BUNDLE_IDENTIFIER = "snapgroup.Complex-JSONUITests";
				PRODUCT_NAME = "$(TARGET_NAME)";
				SWIFT_VERSION = 4.0;
				TARGETED_DEVICE_FAMILY = "1,2";
				TEST_TARGET_NAME = "Complex JSON";
			};
			name = Release;
		};
/* End XCBuildConfiguration section */

/* Begin XCConfigurationList section */
		743A2078203C1B12008DF1AA /* Build configuration list for PBXProject "Snapgroup" */ = {
			isa = XCConfigurationList;
			buildConfigurations = (
				743A20A3203C1B12008DF1AA /* Debug */,
				743A20A4203C1B12008DF1AA /* Release */,
			);
			defaultConfigurationIsVisible = 0;
			defaultConfigurationName = Release;
		};
		743A20A5203C1B12008DF1AA /* Build configuration list for PBXNativeTarget "Snapgroup" */ = {
			isa = XCConfigurationList;
			buildConfigurations = (
				743A20A6203C1B12008DF1AA /* Debug */,
				743A20A7203C1B12008DF1AA /* Release */,
			);
			defaultConfigurationIsVisible = 0;
			defaultConfigurationName = Release;
		};
		743A20A8203C1B12008DF1AA /* Build configuration list for PBXNativeTarget "SnapgroupTests" */ = {
			isa = XCConfigurationList;
			buildConfigurations = (
				743A20A9203C1B12008DF1AA /* Debug */,
				743A20AA203C1B12008DF1AA /* Release */,
			);
			defaultConfigurationIsVisible = 0;
			defaultConfigurationName = Release;
		};
		743A20AB203C1B12008DF1AA /* Build configuration list for PBXNativeTarget "SnapgroupUITests" */ = {
			isa = XCConfigurationList;
			buildConfigurations = (
				743A20AC203C1B12008DF1AA /* Debug */,
				743A20AD203C1B12008DF1AA /* Release */,
			);
			defaultConfigurationIsVisible = 0;
			defaultConfigurationName = Release;
		};
/* End XCConfigurationList section */
	};
	rootObject = 743A2075203C1B12008DF1AA /* Project object */;
}
